// !$*UTF8*$!
{
	archiveVersion = 1;
	classes = {
	};
	objectVersion = 56;
	objects = {

/* Begin PBXBuildFile section */
		DAD9118E2C299F6C005EBB6E /* main.c in Sources */ = {isa = PBXBuildFile; fileRef = DAD911632C299EA2005EBB6E /* main.c */; };
		DAD9123E2C29A0B7005EBB6E /* SDMMobileDevice.h in Headers */ = {isa = PBXBuildFile; fileRef = DAD912072C29A0A1005EBB6E /* SDMMobileDevice.h */; settings = {ATTRIBUTES = (Public, ); }; };
		DAD912412C29A1AD005EBB6E /* SDMMD_Initialize.h in Headers */ = {isa = PBXBuildFile; fileRef = DAD911F12C29A0A1005EBB6E /* SDMMD_Initialize.h */; settings = {ATTRIBUTES = (Public, ); }; };
		DAD912422C29A211005EBB6E /* SDMMD_Functions.h in Headers */ = {isa = PBXBuildFile; fileRef = DAD911F02C29A0A1005EBB6E /* SDMMD_Functions.h */; settings = {ATTRIBUTES = (Public, ); }; };
		DAD912432C29A238005EBB6E /* SDMMD_Types.h in Headers */ = {isa = PBXBuildFile; fileRef = DAD912012C29A0A1005EBB6E /* SDMMD_Types.h */; settings = {ATTRIBUTES = (Public, ); }; };
		DAD912442C29A298005EBB6E /* SDMMD_MCP.h in Headers */ = {isa = PBXBuildFile; fileRef = DAD911F52C29A0A1005EBB6E /* SDMMD_MCP.h */; settings = {ATTRIBUTES = (Public, ); }; };
		DAD912452C29A2B4005EBB6E /* SDMMD_Error.h in Headers */ = {isa = PBXBuildFile; fileRef = DAD911EE2C29A0A1005EBB6E /* SDMMD_Error.h */; settings = {ATTRIBUTES = (Public, ); }; };
		DAD912462C29A2D4005EBB6E /* SDMMD_AMDevice.h in Headers */ = {isa = PBXBuildFile; fileRef = DAD911E42C29A0A1005EBB6E /* SDMMD_AMDevice.h */; settings = {ATTRIBUTES = (Public, ); }; };
		DAD912472C29A2F5005EBB6E /* SDMMD_AMDevice_Class.h in Headers */ = {isa = PBXBuildFile; fileRef = DAD911E22C29A0A1005EBB6E /* SDMMD_AMDevice_Class.h */; settings = {ATTRIBUTES = (Public, ); }; };
		DAD912482C29A323005EBB6E /* SDMMD_Keys.h in Headers */ = {isa = PBXBuildFile; fileRef = DAD911F22C29A0A1005EBB6E /* SDMMD_Keys.h */; settings = {ATTRIBUTES = (Public, ); }; };
		DAD912492C29A341005EBB6E /* SDMMD_Applications.h in Headers */ = {isa = PBXBuildFile; fileRef = DAD911E62C29A0A1005EBB6E /* SDMMD_Applications.h */; settings = {ATTRIBUTES = (Public, ); }; };
		DAD9125C2C29A452005EBB6E /* SDMMD_MCP_Class.h in Headers */ = {isa = PBXBuildFile; fileRef = DAD911F32C29A0A1005EBB6E /* SDMMD_MCP_Class.h */; settings = {ATTRIBUTES = (Public, ); }; };
		DAD912642C29A564005EBB6E /* SDMMD_AppleFileConduit.h in Headers */ = {isa = PBXBuildFile; fileRef = DAD911E52C29A0A1005EBB6E /* SDMMD_AppleFileConduit.h */; settings = {ATTRIBUTES = (Public, ); }; };
		DAD912652C2AA55A005EBB6E /* SDMMD_AFC_Types.h in Headers */ = {isa = PBXBuildFile; fileRef = DAD911D92C29A0A1005EBB6E /* SDMMD_AFC_Types.h */; settings = {ATTRIBUTES = (Public, ); }; };
		DAD912662C2AA5F5005EBB6E /* SDMMD_AFCConnection_Class.h in Headers */ = {isa = PBXBuildFile; fileRef = DAD911DA2C29A0A1005EBB6E /* SDMMD_AFCConnection_Class.h */; settings = {ATTRIBUTES = (Public, ); }; };
		DAD912672C2AA620005EBB6E /* SDMMD_Connection_Class.h in Headers */ = {isa = PBXBuildFile; fileRef = DAD911E82C29A0A1005EBB6E /* SDMMD_Connection_Class.h */; settings = {ATTRIBUTES = (Public, ); }; };
		DAD912682C2AA63D005EBB6E /* SDMMD_AFCOperation_Class.h in Headers */ = {isa = PBXBuildFile; fileRef = DAD911DC2C29A0A1005EBB6E /* SDMMD_AFCOperation_Class.h */; settings = {ATTRIBUTES = (Public, ); }; };
		DAD912692C2AA658005EBB6E /* SDMMD_Service.h in Headers */ = {isa = PBXBuildFile; fileRef = DAD911FF2C29A0A1005EBB6E /* SDMMD_Service.h */; settings = {ATTRIBUTES = (Public, ); }; };
		DAD9126A2C2AA682005EBB6E /* SDMMD_Connection.h in Headers */ = {isa = PBXBuildFile; fileRef = DAD911EB2C29A0A1005EBB6E /* SDMMD_Connection.h */; settings = {ATTRIBUTES = (Public, ); }; };
		DAD9126B2C2AA6DD005EBB6E /* SDMMD_USBMuxListener.h in Headers */ = {isa = PBXBuildFile; fileRef = DAD912062C29A0A1005EBB6E /* SDMMD_USBMuxListener.h */; settings = {ATTRIBUTES = (Public, ); }; };
		DAD9126C2C2AA70B005EBB6E /* SDMMD_USBMuxListener_Class.h in Headers */ = {isa = PBXBuildFile; fileRef = DAD912032C29A0A1005EBB6E /* SDMMD_USBMuxListener_Class.h */; settings = {ATTRIBUTES = (Public, ); }; };
		DAD9126D2C2AA71F005EBB6E /* SDMMD_USBMuxListener_Types.h in Headers */ = {isa = PBXBuildFile; fileRef = DAD912052C29A0A1005EBB6E /* SDMMD_USBMuxListener_Types.h */; settings = {ATTRIBUTES = (Public, ); }; };
		DAD9126E2C2AA734005EBB6E /* SDMMD_Notification.h in Headers */ = {isa = PBXBuildFile; fileRef = DAD911FD2C29A0A1005EBB6E /* SDMMD_Notification.h */; settings = {ATTRIBUTES = (Public, ); }; };
		DAD9126F2C2AA744005EBB6E /* SDMMD_Debugger.h in Headers */ = {isa = PBXBuildFile; fileRef = DAD911ED2C29A0A1005EBB6E /* SDMMD_Debugger.h */; settings = {ATTRIBUTES = (Public, ); }; };
		DAD912702C2AA755005EBB6E /* SDMMD_FileRelay.h in Headers */ = {isa = PBXBuildFile; fileRef = DAD911EF2C29A0A1005EBB6E /* SDMMD_FileRelay.h */; settings = {ATTRIBUTES = (Public, ); }; };
		DAD912712C2AA766005EBB6E /* SDMMD_MobileBackup2.h in Headers */ = {isa = PBXBuildFile; fileRef = DAD911F72C29A0A1005EBB6E /* SDMMD_MobileBackup2.h */; settings = {ATTRIBUTES = (Public, ); }; };
		DAD912722C2AA779005EBB6E /* SDMMD_pcap.h in Headers */ = {isa = PBXBuildFile; fileRef = DAD911FE2C29A0A1005EBB6E /* SDMMD_pcap.h */; settings = {ATTRIBUTES = (Public, ); }; };
		DAD912732C2AA78B005EBB6E /* SDMMD_MobileConfig.h in Headers */ = {isa = PBXBuildFile; fileRef = DAD911F82C29A0A1005EBB6E /* SDMMD_MobileConfig.h */; settings = {ATTRIBUTES = (Public, ); }; };
		DAD912742C2AA79C005EBB6E /* SDMMD_USBMux_Protocol.h in Headers */ = {isa = PBXBuildFile; fileRef = DAD912022C29A0A1005EBB6E /* SDMMD_USBMux_Protocol.h */; settings = {ATTRIBUTES = (Public, ); }; };
		DAD912962C2AAFD9005EBB6E /* tests.c in Sources */ = {isa = PBXBuildFile; fileRef = DAD911772C299EA2005EBB6E /* tests.c */; };
		DAD912972C2AB003005EBB6E /* SDMMD_AMDevice.c in Sources */ = {isa = PBXBuildFile; fileRef = DAD912212C29A0A1005EBB6E /* SDMMD_AMDevice.c */; };
		DAD912982C2AB01F005EBB6E /* CFRuntime.h in Headers */ = {isa = PBXBuildFile; fileRef = DAD911D82C29A0A1005EBB6E /* CFRuntime.h */; };
		DAE372622C2AFC880014B498 /* SDMMD_MCP.c in Sources */ = {isa = PBXBuildFile; fileRef = DAD9122C2C29A0A1005EBB6E /* SDMMD_MCP.c */; };
		DAE372632C2AFCD30014B498 /* SDMMD_Initialize.c in Sources */ = {isa = PBXBuildFile; fileRef = DAD9122A2C29A0A1005EBB6E /* SDMMD_Initialize.c */; };
		DAE372642C2AFD1C0014B498 /* SDMMD_Functions.c in Sources */ = {isa = PBXBuildFile; fileRef = DAD912292C29A0A1005EBB6E /* SDMMD_Functions.c */; };
		DAE3726D2C2AFE040014B498 /* SDMMD_SSL_Functions.c in Sources */ = {isa = PBXBuildFile; fileRef = DAD912352C29A0A1005EBB6E /* SDMMD_SSL_Functions.c */; };
		DAE3726F2C2AFE820014B498 /* SDMMD_AFCConnection_Class.c in Sources */ = {isa = PBXBuildFile; fileRef = DAD9121A2C29A0A1005EBB6E /* SDMMD_AFCConnection_Class.c */; };
		DAE372702C2AFEE80014B498 /* SDMMD_AFCOperation_Class.c in Sources */ = {isa = PBXBuildFile; fileRef = DAD9121B2C29A0A1005EBB6E /* SDMMD_AFCOperation_Class.c */; };
		DAE372712C2AFF2B0014B498 /* SDMMD_AFC_Types.c in Sources */ = {isa = PBXBuildFile; fileRef = DAD912192C29A0A1005EBB6E /* SDMMD_AFC_Types.c */; };
		DAE372722C2AFF590014B498 /* SDMMD_Connection_Class.c in Sources */ = {isa = PBXBuildFile; fileRef = DAD912242C29A0A1005EBB6E /* SDMMD_Connection_Class.c */; };
		DAE372732C2AFFA20014B498 /* SDMMD_AMDevice_Class.c in Sources */ = {isa = PBXBuildFile; fileRef = DAD912202C29A0A1005EBB6E /* SDMMD_AMDevice_Class.c */; };
		DAE372742C2B007E0014B498 /* SDMMD_MCP_Class.c in Sources */ = {isa = PBXBuildFile; fileRef = DAD9122B2C29A0A1005EBB6E /* SDMMD_MCP_Class.c */; };
		DAE372752C2B00B40014B498 /* SDMMD_Service.c in Sources */ = {isa = PBXBuildFile; fileRef = DAD912342C29A0A1005EBB6E /* SDMMD_Service.c */; };
		DAE372762C2B00E70014B498 /* SDMMD_USBMuxListener.c in Sources */ = {isa = PBXBuildFile; fileRef = DAD912392C29A0A1005EBB6E /* SDMMD_USBMuxListener.c */; };
		DAE372772C2B01200014B498 /* SDMMD_USBMuxListener_Class.c in Sources */ = {isa = PBXBuildFile; fileRef = DAD912372C29A0A1005EBB6E /* SDMMD_USBMuxListener_Class.c */; };
		DAE372782C2B01640014B498 /* SDMMD_USBMux_Protocol.c in Sources */ = {isa = PBXBuildFile; fileRef = DAD912362C29A0A1005EBB6E /* SDMMD_USBMux_Protocol.c */; };
		DAE372792C2B01950014B498 /* SDMMD_USBMuxListener_Types.c in Sources */ = {isa = PBXBuildFile; fileRef = DAD912382C29A0A1005EBB6E /* SDMMD_USBMuxListener_Types.c */; };
		DAE3727A2C2B01B70014B498 /* SDMMD_Error.c in Sources */ = {isa = PBXBuildFile; fileRef = DAD912272C29A0A1005EBB6E /* SDMMD_Error.c */; };
		DAE372882C2D7ADA0014B498 /* test_AFC.c in Sources */ = {isa = PBXBuildFile; fileRef = DAD911642C299EA2005EBB6E /* test_AFC.c */; };
		DAE372892C2D7AF10014B498 /* test_AMDevice.c in Sources */ = {isa = PBXBuildFile; fileRef = DAD911662C299EA2005EBB6E /* test_AMDevice.c */; };
		DAE372962C2D84240014B498 /* Core.h in Headers */ = {isa = PBXBuildFile; fileRef = DAD911A42C299FD2005EBB6E /* Core.h */; settings = {ATTRIBUTES = (Public, ); }; };
		DAE3729E2C2D84730014B498 /* main.m in Sources */ = {isa = PBXBuildFile; fileRef = DAE3729D2C2D84730014B498 /* main.m */; };
/* End PBXBuildFile section */

/* Begin PBXContainerItemProxy section */
		DAD9123F2C29A0C1005EBB6E /* PBXContainerItemProxy */ = {
			isa = PBXContainerItemProxy;
			containerPortal = DAD906FF2C297F05005EBB6E /* Project object */;
			proxyType = 1;
			remoteGlobalIDString = DAD911B82C29A08D005EBB6E;
			remoteInfo = SDMMobileDevice;
		};
/* End PBXContainerItemProxy section */

/* Begin PBXCopyFilesBuildPhase section */
		DAD911842C299F5B005EBB6E /* CopyFiles */ = {
			isa = PBXCopyFilesBuildPhase;
			buildActionMask = 2147483647;
			dstPath = /usr/share/man/man1/;
			dstSubfolderSpec = 0;
			files = (
			);
			runOnlyForDeploymentPostprocessing = 1;
		};
		DAE372992C2D84730014B498 /* CopyFiles */ = {
			isa = PBXCopyFilesBuildPhase;
			buildActionMask = 2147483647;
			dstPath = /usr/share/man/man1/;
			dstSubfolderSpec = 0;
			files = (
			);
			runOnlyForDeploymentPostprocessing = 1;
		};
/* End PBXCopyFilesBuildPhase section */

/* Begin PBXFileReference section */
		DAD911612C299EA2005EBB6E /* listener.c */ = {isa = PBXFileReference; lastKnownFileType = sourcecode.c.c; path = listener.c; sourceTree = "<group>"; };
		DAD911622C299EA2005EBB6E /* listener.h */ = {isa = PBXFileReference; lastKnownFileType = sourcecode.c.h; path = listener.h; sourceTree = "<group>"; };
		DAD911632C299EA2005EBB6E /* main.c */ = {isa = PBXFileReference; lastKnownFileType = sourcecode.c.c; path = main.c; sourceTree = "<group>"; };
		DAD911642C299EA2005EBB6E /* test_AFC.c */ = {isa = PBXFileReference; lastKnownFileType = sourcecode.c.c; path = test_AFC.c; sourceTree = "<group>"; };
		DAD911652C299EA2005EBB6E /* test_AFC.h */ = {isa = PBXFileReference; lastKnownFileType = sourcecode.c.h; path = test_AFC.h; sourceTree = "<group>"; };
		DAD911662C299EA2005EBB6E /* test_AMDevice.c */ = {isa = PBXFileReference; lastKnownFileType = sourcecode.c.c; path = test_AMDevice.c; sourceTree = "<group>"; };
		DAD911672C299EA2005EBB6E /* test_AMDevice.h */ = {isa = PBXFileReference; lastKnownFileType = sourcecode.c.h; path = test_AMDevice.h; sourceTree = "<group>"; };
		DAD911682C299EA2005EBB6E /* test_AMService.c */ = {isa = PBXFileReference; lastKnownFileType = sourcecode.c.c; path = test_AMService.c; sourceTree = "<group>"; };
		DAD911692C299EA2005EBB6E /* test_AMService.h */ = {isa = PBXFileReference; lastKnownFileType = sourcecode.c.h; path = test_AMService.h; sourceTree = "<group>"; };
		DAD9116A2C299EA2005EBB6E /* test_apple_AFC.c */ = {isa = PBXFileReference; lastKnownFileType = sourcecode.c.c; path = test_apple_AFC.c; sourceTree = "<group>"; };
		DAD9116B2C299EA2005EBB6E /* test_apple_AFC.h */ = {isa = PBXFileReference; lastKnownFileType = sourcecode.c.h; path = test_apple_AFC.h; sourceTree = "<group>"; };
		DAD9116C2C299EA2005EBB6E /* test_apple_AMDevice.c */ = {isa = PBXFileReference; lastKnownFileType = sourcecode.c.c; path = test_apple_AMDevice.c; sourceTree = "<group>"; };
		DAD9116D2C299EA2005EBB6E /* test_apple_AMDevice.h */ = {isa = PBXFileReference; lastKnownFileType = sourcecode.c.h; path = test_apple_AMDevice.h; sourceTree = "<group>"; };
		DAD9116E2C299EA2005EBB6E /* test_apple_AMService.c */ = {isa = PBXFileReference; lastKnownFileType = sourcecode.c.c; path = test_apple_AMService.c; sourceTree = "<group>"; };
		DAD9116F2C299EA2005EBB6E /* test_apple_AMService.h */ = {isa = PBXFileReference; lastKnownFileType = sourcecode.c.h; path = test_apple_AMService.h; sourceTree = "<group>"; };
		DAD911702C299EA2005EBB6E /* test_sdm_AFC.c */ = {isa = PBXFileReference; lastKnownFileType = sourcecode.c.c; path = test_sdm_AFC.c; sourceTree = "<group>"; };
		DAD911712C299EA2005EBB6E /* test_sdm_AFC.h */ = {isa = PBXFileReference; lastKnownFileType = sourcecode.c.h; path = test_sdm_AFC.h; sourceTree = "<group>"; };
		DAD911722C299EA2005EBB6E /* test_sdm_AMDevice.c */ = {isa = PBXFileReference; lastKnownFileType = sourcecode.c.c; path = test_sdm_AMDevice.c; sourceTree = "<group>"; };
		DAD911732C299EA2005EBB6E /* test_sdm_AMDevice.h */ = {isa = PBXFileReference; lastKnownFileType = sourcecode.c.h; path = test_sdm_AMDevice.h; sourceTree = "<group>"; };
		DAD911742C299EA2005EBB6E /* test_sdm_AMService.c */ = {isa = PBXFileReference; lastKnownFileType = sourcecode.c.c; path = test_sdm_AMService.c; sourceTree = "<group>"; };
		DAD911752C299EA2005EBB6E /* test_sdm_AMService.h */ = {isa = PBXFileReference; lastKnownFileType = sourcecode.c.h; path = test_sdm_AMService.h; sourceTree = "<group>"; };
		DAD911762C299EA2005EBB6E /* test_Type.h */ = {isa = PBXFileReference; lastKnownFileType = sourcecode.c.h; path = test_Type.h; sourceTree = "<group>"; };
		DAD911772C299EA2005EBB6E /* tests.c */ = {isa = PBXFileReference; lastKnownFileType = sourcecode.c.c; path = tests.c; sourceTree = "<group>"; };
		DAD911782C299EA2005EBB6E /* tests.h */ = {isa = PBXFileReference; lastKnownFileType = sourcecode.c.h; path = tests.h; sourceTree = "<group>"; };
		DAD9117A2C299EA2005EBB6E /* MobileDevice.h */ = {isa = PBXFileReference; lastKnownFileType = sourcecode.c.h; path = MobileDevice.h; sourceTree = "<group>"; };
		DAD911862C299F5B005EBB6E /* SDM_MD_Tests */ = {isa = PBXFileReference; explicitFileType = "compiled.mach-o.executable"; includeInIndex = 0; path = SDM_MD_Tests; sourceTree = BUILT_PRODUCTS_DIR; };
		DAD9118F2C299FD2005EBB6E /* CFDataAddition.c */ = {isa = PBXFileReference; lastKnownFileType = sourcecode.c.c; path = CFDataAddition.c; sourceTree = "<group>"; };
		DAD911902C299FD2005EBB6E /* CFDataAddition.h */ = {isa = PBXFileReference; lastKnownFileType = sourcecode.c.h; path = CFDataAddition.h; sourceTree = "<group>"; };
		DAD911912C299FD2005EBB6E /* CFDictionaryAddition.c */ = {isa = PBXFileReference; lastKnownFileType = sourcecode.c.c; path = CFDictionaryAddition.c; sourceTree = "<group>"; };
		DAD911922C299FD2005EBB6E /* CFDictionaryAddition.h */ = {isa = PBXFileReference; lastKnownFileType = sourcecode.c.h; path = CFDictionaryAddition.h; sourceTree = "<group>"; };
		DAD911932C299FD2005EBB6E /* CFStringAddition.c */ = {isa = PBXFileReference; lastKnownFileType = sourcecode.c.c; path = CFStringAddition.c; sourceTree = "<group>"; };
		DAD911942C299FD2005EBB6E /* CFStringAddition.h */ = {isa = PBXFileReference; lastKnownFileType = sourcecode.c.h; path = CFStringAddition.h; sourceTree = "<group>"; };
		DAD911952C299FD2005EBB6E /* CFTypeAddition.c */ = {isa = PBXFileReference; lastKnownFileType = sourcecode.c.c; path = CFTypeAddition.c; sourceTree = "<group>"; };
		DAD911962C299FD2005EBB6E /* CFTypeAddition.h */ = {isa = PBXFileReference; lastKnownFileType = sourcecode.c.h; path = CFTypeAddition.h; sourceTree = "<group>"; };
		DAD911992C299FD2005EBB6E /* GeometryMaths.h */ = {isa = PBXFileReference; lastKnownFileType = sourcecode.c.h; path = GeometryMaths.h; sourceTree = "<group>"; };
		DAD9119A2C299FD2005EBB6E /* Matrix.c */ = {isa = PBXFileReference; lastKnownFileType = sourcecode.c.c; path = Matrix.c; sourceTree = "<group>"; };
		DAD9119B2C299FD2005EBB6E /* Matrix.h */ = {isa = PBXFileReference; lastKnownFileType = sourcecode.c.h; path = Matrix.h; sourceTree = "<group>"; };
		DAD9119C2C299FD2005EBB6E /* Vector.c */ = {isa = PBXFileReference; lastKnownFileType = sourcecode.c.c; path = Vector.c; sourceTree = "<group>"; };
		DAD9119D2C299FD2005EBB6E /* Vector.h */ = {isa = PBXFileReference; lastKnownFileType = sourcecode.c.h; path = Vector.h; sourceTree = "<group>"; };
		DAD9119F2C299FD2005EBB6E /* Array.h */ = {isa = PBXFileReference; lastKnownFileType = sourcecode.c.h; path = Array.h; sourceTree = "<group>"; };
		DAD911A02C299FD2005EBB6E /* Attributes.h */ = {isa = PBXFileReference; lastKnownFileType = sourcecode.c.h; path = Attributes.h; sourceTree = "<group>"; };
		DAD911A12C299FD2005EBB6E /* Buffer.c */ = {isa = PBXFileReference; lastKnownFileType = sourcecode.c.c; path = Buffer.c; sourceTree = "<group>"; };
		DAD911A22C299FD2005EBB6E /* Buffer.h */ = {isa = PBXFileReference; lastKnownFileType = sourcecode.c.h; path = Buffer.h; sourceTree = "<group>"; };
		DAD911A32C299FD2005EBB6E /* CFLinuxCompatibility.h */ = {isa = PBXFileReference; lastKnownFileType = sourcecode.c.h; path = CFLinuxCompatibility.h; sourceTree = "<group>"; };
		DAD911A42C299FD2005EBB6E /* Core.h */ = {isa = PBXFileReference; lastKnownFileType = sourcecode.c.h; path = Core.h; sourceTree = "<group>"; };
		DAD911A52C299FD2005EBB6E /* Endian.h */ = {isa = PBXFileReference; lastKnownFileType = sourcecode.c.h; path = Endian.h; sourceTree = "<group>"; };
		DAD911A62C299FD2005EBB6E /* File.c */ = {isa = PBXFileReference; lastKnownFileType = sourcecode.c.c; path = File.c; sourceTree = "<group>"; };
		DAD911A72C299FD2005EBB6E /* File.h */ = {isa = PBXFileReference; lastKnownFileType = sourcecode.c.h; path = File.h; sourceTree = "<group>"; };
		DAD911A82C299FD2005EBB6E /* Logging.h */ = {isa = PBXFileReference; lastKnownFileType = sourcecode.c.h; path = Logging.h; sourceTree = "<group>"; };
		DAD911A92C299FD2005EBB6E /* makefile-linux */ = {isa = PBXFileReference; lastKnownFileType = text; path = "makefile-linux"; sourceTree = "<group>"; };
		DAD911AA2C299FD2005EBB6E /* Number.h */ = {isa = PBXFileReference; lastKnownFileType = sourcecode.c.h; path = Number.h; sourceTree = "<group>"; };
		DAD911AB2C299FD2005EBB6E /* Pointer.h */ = {isa = PBXFileReference; lastKnownFileType = sourcecode.c.h; path = Pointer.h; sourceTree = "<group>"; };
		DAD911AC2C299FD2005EBB6E /* Range.h */ = {isa = PBXFileReference; lastKnownFileType = sourcecode.c.h; path = Range.h; sourceTree = "<group>"; };
		DAD911AE2C299FD2005EBB6E /* .clang-format */ = {isa = PBXFileReference; lastKnownFileType = text; path = ".clang-format"; sourceTree = "<group>"; };
		DAD911AF2C299FD2005EBB6E /* .gitignore */ = {isa = PBXFileReference; lastKnownFileType = text; path = .gitignore; sourceTree = "<group>"; };
		DAD911B02C299FD2005EBB6E /* CONTRIBUTING.md */ = {isa = PBXFileReference; lastKnownFileType = net.daringfireball.markdown; path = CONTRIBUTING.md; sourceTree = "<group>"; };
		DAD911B12C299FD2005EBB6E /* LICENSE */ = {isa = PBXFileReference; lastKnownFileType = text; path = LICENSE; sourceTree = "<group>"; };
		DAD911B22C299FD2005EBB6E /* README */ = {isa = PBXFileReference; lastKnownFileType = text; path = README; sourceTree = "<group>"; };
		DAD911B92C29A08D005EBB6E /* SDMMobileDevice.framework */ = {isa = PBXFileReference; explicitFileType = wrapper.framework; includeInIndex = 0; path = SDMMobileDevice.framework; sourceTree = BUILT_PRODUCTS_DIR; };
		DAD911C02C29A0A1005EBB6E /* Img4Ticket8960Cert.crt */ = {isa = PBXFileReference; lastKnownFileType = text; path = Img4Ticket8960Cert.crt; sourceTree = "<group>"; };
		DAD911C12C29A0A1005EBB6E /* Img4Ticket8960DevCert.crt */ = {isa = PBXFileReference; lastKnownFileType = text; path = Img4Ticket8960DevCert.crt; sourceTree = "<group>"; };
		DAD911C22C29A0A1005EBB6E /* Img4Ticket8960UnfusedCert.crt */ = {isa = PBXFileReference; lastKnownFileType = text; path = Img4Ticket8960UnfusedCert.crt; sourceTree = "<group>"; };
		DAD911C32C29A0A1005EBB6E /* Img4TicketCACert.crt */ = {isa = PBXFileReference; lastKnownFileType = text; path = Img4TicketCACert.crt; sourceTree = "<group>"; };
		DAD911C42C29A0A1005EBB6E /* Img4TicketDevPrivateKey.pem */ = {isa = PBXFileReference; lastKnownFileType = text; path = Img4TicketDevPrivateKey.pem; sourceTree = "<group>"; };
		DAD911C52C29A0A1005EBB6E /* Img4TicketPrivateKey.pem */ = {isa = PBXFileReference; lastKnownFileType = text; path = Img4TicketPrivateKey.pem; sourceTree = "<group>"; };
		DAD911C62C29A0A1005EBB6E /* Img4TicketUnfusedPrivateKey.pem */ = {isa = PBXFileReference; lastKnownFileType = text; path = Img4TicketUnfusedPrivateKey.pem; sourceTree = "<group>"; };
		DAD911C72C29A0A1005EBB6E /* MonetAttestationCACert.crt */ = {isa = PBXFileReference; lastKnownFileType = text; path = MonetAttestationCACert.crt; sourceTree = "<group>"; };
		DAD911C82C29A0A1005EBB6E /* MonetAttestationDblCert.crt */ = {isa = PBXFileReference; lastKnownFileType = text; path = MonetAttestationDblCert.crt; sourceTree = "<group>"; };
		DAD911C92C29A0A1005EBB6E /* MonetAttestationDblCertPrivateKey.pem */ = {isa = PBXFileReference; lastKnownFileType = text; path = MonetAttestationDblCertPrivateKey.pem; sourceTree = "<group>"; };
		DAD911CA2C29A0A1005EBB6E /* MonetAttestationENandprogCert.crt */ = {isa = PBXFileReference; lastKnownFileType = text; path = MonetAttestationENandprogCert.crt; sourceTree = "<group>"; };
		DAD911CB2C29A0A1005EBB6E /* MonetAttestationENandprogCertPrivateKey.pem */ = {isa = PBXFileReference; lastKnownFileType = text; path = MonetAttestationENandprogCertPrivateKey.pem; sourceTree = "<group>"; };
		DAD911CC2C29A0A1005EBB6E /* MonetRootCACert.crt */ = {isa = PBXFileReference; lastKnownFileType = text; path = MonetRootCACert.crt; sourceTree = "<group>"; };
		DAD911CD2C29A0A1005EBB6E /* MonetTicketActivationPrivateKey.pem */ = {isa = PBXFileReference; lastKnownFileType = text; path = MonetTicketActivationPrivateKey.pem; sourceTree = "<group>"; };
		DAD911CE2C29A0A1005EBB6E /* MonetTicketCalibrationPrivateKey.pem */ = {isa = PBXFileReference; lastKnownFileType = text; path = MonetTicketCalibrationPrivateKey.pem; sourceTree = "<group>"; };
		DAD911CF2C29A0A1005EBB6E /* MonetTicketProvisioningA1PublicKey.pem */ = {isa = PBXFileReference; lastKnownFileType = text; path = MonetTicketProvisioningA1PublicKey.pem; sourceTree = "<group>"; };
		DAD911D02C29A0A1005EBB6E /* MonetTicketProvisioningA2PublicKey.pem */ = {isa = PBXFileReference; lastKnownFileType = text; path = MonetTicketProvisioningA2PublicKey.pem; sourceTree = "<group>"; };
		DAD911D12C29A0A1005EBB6E /* MonetTicketProvisioningC1PublicKey.pem */ = {isa = PBXFileReference; lastKnownFileType = text; path = MonetTicketProvisioningC1PublicKey.pem; sourceTree = "<group>"; };
		DAD911D22C29A0A1005EBB6E /* MonetTicketProvisioningC2PublicKey.pem */ = {isa = PBXFileReference; lastKnownFileType = text; path = MonetTicketProvisioningC2PublicKey.pem; sourceTree = "<group>"; };
		DAD911D32C29A0A1005EBB6E /* MonetTicketProvisioningP1PublicKey.pem */ = {isa = PBXFileReference; lastKnownFileType = text; path = MonetTicketProvisioningP1PublicKey.pem; sourceTree = "<group>"; };
		DAD911D42C29A0A1005EBB6E /* MonetTicketProvisioningP2PublicKey.pem */ = {isa = PBXFileReference; lastKnownFileType = text; path = MonetTicketProvisioningP2PublicKey.pem; sourceTree = "<group>"; };
		DAD911D52C29A0A1005EBB6E /* MonetTicketProvisioningPrivateKey.pem */ = {isa = PBXFileReference; lastKnownFileType = text; path = MonetTicketProvisioningPrivateKey.pem; sourceTree = "<group>"; };
		DAD911D62C29A0A1005EBB6E /* MonetTicketRootPrivateKey.pem */ = {isa = PBXFileReference; lastKnownFileType = text; path = MonetTicketRootPrivateKey.pem; sourceTree = "<group>"; };
		DAD911D82C29A0A1005EBB6E /* CFRuntime.h */ = {isa = PBXFileReference; lastKnownFileType = sourcecode.c.h; path = CFRuntime.h; sourceTree = "<group>"; };
		DAD911D92C29A0A1005EBB6E /* SDMMD_AFC_Types.h */ = {isa = PBXFileReference; lastKnownFileType = sourcecode.c.h; path = SDMMD_AFC_Types.h; sourceTree = "<group>"; };
		DAD911DA2C29A0A1005EBB6E /* SDMMD_AFCConnection_Class.h */ = {isa = PBXFileReference; lastKnownFileType = sourcecode.c.h; path = SDMMD_AFCConnection_Class.h; sourceTree = "<group>"; };
		DAD911DB2C29A0A1005EBB6E /* SDMMD_AFCConnection_Internal.h */ = {isa = PBXFileReference; lastKnownFileType = sourcecode.c.h; path = SDMMD_AFCConnection_Internal.h; sourceTree = "<group>"; };
		DAD911DC2C29A0A1005EBB6E /* SDMMD_AFCOperation_Class.h */ = {isa = PBXFileReference; lastKnownFileType = sourcecode.c.h; path = SDMMD_AFCOperation_Class.h; sourceTree = "<group>"; };
		DAD911DD2C29A0A1005EBB6E /* SDMMD_AFCOperation_Internal.h */ = {isa = PBXFileReference; lastKnownFileType = sourcecode.c.h; path = SDMMD_AFCOperation_Internal.h; sourceTree = "<group>"; };
		DAD911DE2C29A0A1005EBB6E /* SDMMD_AMAuthInstall.h */ = {isa = PBXFileReference; lastKnownFileType = sourcecode.c.h; path = SDMMD_AMAuthInstall.h; sourceTree = "<group>"; };
		DAD911DF2C29A0A1005EBB6E /* SDMMD_AMAuthInstallApImg3.h */ = {isa = PBXFileReference; lastKnownFileType = sourcecode.c.h; path = SDMMD_AMAuthInstallApImg3.h; sourceTree = "<group>"; };
		DAD911E02C29A0A1005EBB6E /* SDMMD_AMAuthInstallApImg4.h */ = {isa = PBXFileReference; lastKnownFileType = sourcecode.c.h; path = SDMMD_AMAuthInstallApImg4.h; sourceTree = "<group>"; };
		DAD911E12C29A0A1005EBB6E /* SDMMD_AMAuthInstallMonet.h */ = {isa = PBXFileReference; lastKnownFileType = sourcecode.c.h; path = SDMMD_AMAuthInstallMonet.h; sourceTree = "<group>"; };
		DAD911E22C29A0A1005EBB6E /* SDMMD_AMDevice_Class.h */ = {isa = PBXFileReference; lastKnownFileType = sourcecode.c.h; path = SDMMD_AMDevice_Class.h; sourceTree = "<group>"; };
		DAD911E32C29A0A1005EBB6E /* SDMMD_AMDevice_Internal.h */ = {isa = PBXFileReference; lastKnownFileType = sourcecode.c.h; path = SDMMD_AMDevice_Internal.h; sourceTree = "<group>"; };
		DAD911E42C29A0A1005EBB6E /* SDMMD_AMDevice.h */ = {isa = PBXFileReference; lastKnownFileType = sourcecode.c.h; path = SDMMD_AMDevice.h; sourceTree = "<group>"; };
		DAD911E52C29A0A1005EBB6E /* SDMMD_AppleFileConduit.h */ = {isa = PBXFileReference; lastKnownFileType = sourcecode.c.h; path = SDMMD_AppleFileConduit.h; sourceTree = "<group>"; };
		DAD911E62C29A0A1005EBB6E /* SDMMD_Applications.h */ = {isa = PBXFileReference; lastKnownFileType = sourcecode.c.h; path = SDMMD_Applications.h; sourceTree = "<group>"; };
		DAD911E72C29A0A1005EBB6E /* SDMMD_Classes.h */ = {isa = PBXFileReference; lastKnownFileType = sourcecode.c.h; path = SDMMD_Classes.h; sourceTree = "<group>"; };
		DAD911E82C29A0A1005EBB6E /* SDMMD_Connection_Class.h */ = {isa = PBXFileReference; lastKnownFileType = sourcecode.c.h; path = SDMMD_Connection_Class.h; sourceTree = "<group>"; };
		DAD911E92C29A0A1005EBB6E /* SDMMD_Connection_Internal.h */ = {isa = PBXFileReference; lastKnownFileType = sourcecode.c.h; path = SDMMD_Connection_Internal.h; sourceTree = "<group>"; };
		DAD911EA2C29A0A1005EBB6E /* SDMMD_Connection_Private.h */ = {isa = PBXFileReference; lastKnownFileType = sourcecode.c.h; path = SDMMD_Connection_Private.h; sourceTree = "<group>"; };
		DAD911EB2C29A0A1005EBB6E /* SDMMD_Connection.h */ = {isa = PBXFileReference; lastKnownFileType = sourcecode.c.h; path = SDMMD_Connection.h; sourceTree = "<group>"; };
		DAD911EC2C29A0A1005EBB6E /* SDMMD_Debugger_Internal.h */ = {isa = PBXFileReference; lastKnownFileType = sourcecode.c.h; path = SDMMD_Debugger_Internal.h; sourceTree = "<group>"; };
		DAD911ED2C29A0A1005EBB6E /* SDMMD_Debugger.h */ = {isa = PBXFileReference; lastKnownFileType = sourcecode.c.h; path = SDMMD_Debugger.h; sourceTree = "<group>"; };
		DAD911EE2C29A0A1005EBB6E /* SDMMD_Error.h */ = {isa = PBXFileReference; lastKnownFileType = sourcecode.c.h; path = SDMMD_Error.h; sourceTree = "<group>"; };
		DAD911EF2C29A0A1005EBB6E /* SDMMD_FileRelay.h */ = {isa = PBXFileReference; lastKnownFileType = sourcecode.c.h; path = SDMMD_FileRelay.h; sourceTree = "<group>"; };
		DAD911F02C29A0A1005EBB6E /* SDMMD_Functions.h */ = {isa = PBXFileReference; lastKnownFileType = sourcecode.c.h; path = SDMMD_Functions.h; sourceTree = "<group>"; };
		DAD911F12C29A0A1005EBB6E /* SDMMD_Initialize.h */ = {isa = PBXFileReference; lastKnownFileType = sourcecode.c.h; path = SDMMD_Initialize.h; sourceTree = "<group>"; };
		DAD911F22C29A0A1005EBB6E /* SDMMD_Keys.h */ = {isa = PBXFileReference; lastKnownFileType = sourcecode.c.h; path = SDMMD_Keys.h; sourceTree = "<group>"; };
		DAD911F32C29A0A1005EBB6E /* SDMMD_MCP_Class.h */ = {isa = PBXFileReference; lastKnownFileType = sourcecode.c.h; path = SDMMD_MCP_Class.h; sourceTree = "<group>"; };
		DAD911F42C29A0A1005EBB6E /* SDMMD_MCP_Internal.h */ = {isa = PBXFileReference; lastKnownFileType = sourcecode.c.h; path = SDMMD_MCP_Internal.h; sourceTree = "<group>"; };
		DAD911F52C29A0A1005EBB6E /* SDMMD_MCP.h */ = {isa = PBXFileReference; lastKnownFileType = sourcecode.c.h; path = SDMMD_MCP.h; sourceTree = "<group>"; };
		DAD911F62C29A0A1005EBB6E /* SDMMD_MDFUModeDevice.h */ = {isa = PBXFileReference; lastKnownFileType = sourcecode.c.h; path = SDMMD_MDFUModeDevice.h; sourceTree = "<group>"; };
		DAD911F72C29A0A1005EBB6E /* SDMMD_MobileBackup2.h */ = {isa = PBXFileReference; lastKnownFileType = sourcecode.c.h; path = SDMMD_MobileBackup2.h; sourceTree = "<group>"; };
		DAD911F82C29A0A1005EBB6E /* SDMMD_MobileConfig.h */ = {isa = PBXFileReference; lastKnownFileType = sourcecode.c.h; path = SDMMD_MobileConfig.h; sourceTree = "<group>"; };
		DAD911F92C29A0A1005EBB6E /* SDMMD_MRecoveryModeDevice.h */ = {isa = PBXFileReference; lastKnownFileType = sourcecode.c.h; path = SDMMD_MRecoveryModeDevice.h; sourceTree = "<group>"; };
		DAD911FA2C29A0A1005EBB6E /* SDMMD_MRestorableDevice.h */ = {isa = PBXFileReference; lastKnownFileType = sourcecode.c.h; path = SDMMD_MRestorableDevice.h; sourceTree = "<group>"; };
		DAD911FB2C29A0A1005EBB6E /* SDMMD_MRestoreModeDevice.h */ = {isa = PBXFileReference; lastKnownFileType = sourcecode.c.h; path = SDMMD_MRestoreModeDevice.h; sourceTree = "<group>"; };
		DAD911FC2C29A0A1005EBB6E /* SDMMD_MRUSBDevice.h */ = {isa = PBXFileReference; lastKnownFileType = sourcecode.c.h; path = SDMMD_MRUSBDevice.h; sourceTree = "<group>"; };
		DAD911FD2C29A0A1005EBB6E /* SDMMD_Notification.h */ = {isa = PBXFileReference; lastKnownFileType = sourcecode.c.h; path = SDMMD_Notification.h; sourceTree = "<group>"; };
		DAD911FE2C29A0A1005EBB6E /* SDMMD_pcap.h */ = {isa = PBXFileReference; lastKnownFileType = sourcecode.c.h; path = SDMMD_pcap.h; sourceTree = "<group>"; };
		DAD911FF2C29A0A1005EBB6E /* SDMMD_Service.h */ = {isa = PBXFileReference; lastKnownFileType = sourcecode.c.h; path = SDMMD_Service.h; sourceTree = "<group>"; };
		DAD912002C29A0A1005EBB6E /* SDMMD_SSL_Functions.h */ = {isa = PBXFileReference; lastKnownFileType = sourcecode.c.h; path = SDMMD_SSL_Functions.h; sourceTree = "<group>"; };
		DAD912012C29A0A1005EBB6E /* SDMMD_Types.h */ = {isa = PBXFileReference; lastKnownFileType = sourcecode.c.h; path = SDMMD_Types.h; sourceTree = "<group>"; };
		DAD912022C29A0A1005EBB6E /* SDMMD_USBMux_Protocol.h */ = {isa = PBXFileReference; lastKnownFileType = sourcecode.c.h; path = SDMMD_USBMux_Protocol.h; sourceTree = "<group>"; };
		DAD912032C29A0A1005EBB6E /* SDMMD_USBMuxListener_Class.h */ = {isa = PBXFileReference; lastKnownFileType = sourcecode.c.h; path = SDMMD_USBMuxListener_Class.h; sourceTree = "<group>"; };
		DAD912042C29A0A1005EBB6E /* SDMMD_USBMuxListener_Internal.h */ = {isa = PBXFileReference; lastKnownFileType = sourcecode.c.h; path = SDMMD_USBMuxListener_Internal.h; sourceTree = "<group>"; };
		DAD912052C29A0A1005EBB6E /* SDMMD_USBMuxListener_Types.h */ = {isa = PBXFileReference; lastKnownFileType = sourcecode.c.h; path = SDMMD_USBMuxListener_Types.h; sourceTree = "<group>"; };
		DAD912062C29A0A1005EBB6E /* SDMMD_USBMuxListener.h */ = {isa = PBXFileReference; lastKnownFileType = sourcecode.c.h; path = SDMMD_USBMuxListener.h; sourceTree = "<group>"; };
		DAD912072C29A0A1005EBB6E /* SDMMobileDevice.h */ = {isa = PBXFileReference; lastKnownFileType = sourcecode.c.h; path = SDMMobileDevice.h; sourceTree = "<group>"; };
		DAD912082C29A0A1005EBB6E /* SDMTranslation.h */ = {isa = PBXFileReference; lastKnownFileType = sourcecode.c.h; path = SDMTranslation.h; sourceTree = "<group>"; };
		DAD912092C29A0A1005EBB6E /* SDMTypeTranslation.h */ = {isa = PBXFileReference; lastKnownFileType = sourcecode.c.h; path = SDMTypeTranslation.h; sourceTree = "<group>"; };
		DAD9120C2C29A0A1005EBB6E /* SDMMD_AFC.c */ = {isa = PBXFileReference; lastKnownFileType = sourcecode.c.c; path = SDMMD_AFC.c; sourceTree = "<group>"; };
		DAD9120D2C29A0A1005EBB6E /* SDMMD_AFC.h */ = {isa = PBXFileReference; lastKnownFileType = sourcecode.c.h; path = SDMMD_AFC.h; sourceTree = "<group>"; };
		DAD9120E2C29A0A1005EBB6E /* SDMMD_AFCCondition.c */ = {isa = PBXFileReference; lastKnownFileType = sourcecode.c.c; path = SDMMD_AFCCondition.c; sourceTree = "<group>"; };
		DAD9120F2C29A0A1005EBB6E /* SDMMD_AFCCondition.h */ = {isa = PBXFileReference; lastKnownFileType = sourcecode.c.h; path = SDMMD_AFCCondition.h; sourceTree = "<group>"; };
		DAD912102C29A0A1005EBB6E /* SDMMD_AFCDevice.c */ = {isa = PBXFileReference; lastKnownFileType = sourcecode.c.c; path = SDMMD_AFCDevice.c; sourceTree = "<group>"; };
		DAD912112C29A0A1005EBB6E /* SDMMD_AFCDevice.h */ = {isa = PBXFileReference; lastKnownFileType = sourcecode.c.h; path = SDMMD_AFCDevice.h; sourceTree = "<group>"; };
		DAD912122C29A0A1005EBB6E /* SDMMD_AFCIterator.c */ = {isa = PBXFileReference; lastKnownFileType = sourcecode.c.c; path = SDMMD_AFCIterator.c; sourceTree = "<group>"; };
		DAD912132C29A0A1005EBB6E /* SDMMD_AFCIterator.h */ = {isa = PBXFileReference; lastKnownFileType = sourcecode.c.h; path = SDMMD_AFCIterator.h; sourceTree = "<group>"; };
		DAD912142C29A0A1005EBB6E /* SDMMD_AFCLock.c */ = {isa = PBXFileReference; lastKnownFileType = sourcecode.c.c; path = SDMMD_AFCLock.c; sourceTree = "<group>"; };
		DAD912152C29A0A1005EBB6E /* SDMMD_AFCLock.h */ = {isa = PBXFileReference; lastKnownFileType = sourcecode.c.h; path = SDMMD_AFCLock.h; sourceTree = "<group>"; };
		DAD912162C29A0A1005EBB6E /* SDMMD_AFCOperation.c */ = {isa = PBXFileReference; lastKnownFileType = sourcecode.c.c; path = SDMMD_AFCOperation.c; sourceTree = "<group>"; };
		DAD912172C29A0A1005EBB6E /* SDMMD_AFCOperation.h */ = {isa = PBXFileReference; lastKnownFileType = sourcecode.c.h; path = SDMMD_AFCOperation.h; sourceTree = "<group>"; };
		DAD912192C29A0A1005EBB6E /* SDMMD_AFC_Types.c */ = {isa = PBXFileReference; lastKnownFileType = sourcecode.c.c; path = SDMMD_AFC_Types.c; sourceTree = "<group>"; };
		DAD9121A2C29A0A1005EBB6E /* SDMMD_AFCConnection_Class.c */ = {isa = PBXFileReference; lastKnownFileType = sourcecode.c.c; path = SDMMD_AFCConnection_Class.c; sourceTree = "<group>"; };
		DAD9121B2C29A0A1005EBB6E /* SDMMD_AFCOperation_Class.c */ = {isa = PBXFileReference; lastKnownFileType = sourcecode.c.c; path = SDMMD_AFCOperation_Class.c; sourceTree = "<group>"; };
		DAD9121C2C29A0A1005EBB6E /* SDMMD_AMAuthInstall.c */ = {isa = PBXFileReference; lastKnownFileType = sourcecode.c.c; path = SDMMD_AMAuthInstall.c; sourceTree = "<group>"; };
		DAD9121D2C29A0A1005EBB6E /* SDMMD_AMAuthInstallApImg3.c */ = {isa = PBXFileReference; lastKnownFileType = sourcecode.c.c; path = SDMMD_AMAuthInstallApImg3.c; sourceTree = "<group>"; };
		DAD9121E2C29A0A1005EBB6E /* SDMMD_AMAuthInstallApImg4.c */ = {isa = PBXFileReference; lastKnownFileType = sourcecode.c.c; path = SDMMD_AMAuthInstallApImg4.c; sourceTree = "<group>"; };
		DAD9121F2C29A0A1005EBB6E /* SDMMD_AMAuthInstallMonet.c */ = {isa = PBXFileReference; lastKnownFileType = sourcecode.c.c; path = SDMMD_AMAuthInstallMonet.c; sourceTree = "<group>"; };
		DAD912202C29A0A1005EBB6E /* SDMMD_AMDevice_Class.c */ = {isa = PBXFileReference; lastKnownFileType = sourcecode.c.c; path = SDMMD_AMDevice_Class.c; sourceTree = "<group>"; };
		DAD912212C29A0A1005EBB6E /* SDMMD_AMDevice.c */ = {isa = PBXFileReference; lastKnownFileType = sourcecode.c.c; path = SDMMD_AMDevice.c; sourceTree = "<group>"; };
		DAD912222C29A0A1005EBB6E /* SDMMD_AppleFileConduit.c */ = {isa = PBXFileReference; lastKnownFileType = sourcecode.c.c; path = SDMMD_AppleFileConduit.c; sourceTree = "<group>"; };
		DAD912232C29A0A1005EBB6E /* SDMMD_Applications.c */ = {isa = PBXFileReference; lastKnownFileType = sourcecode.c.c; path = SDMMD_Applications.c; sourceTree = "<group>"; };
		DAD912242C29A0A1005EBB6E /* SDMMD_Connection_Class.c */ = {isa = PBXFileReference; lastKnownFileType = sourcecode.c.c; path = SDMMD_Connection_Class.c; sourceTree = "<group>"; };
		DAD912252C29A0A1005EBB6E /* SDMMD_Connection.c */ = {isa = PBXFileReference; lastKnownFileType = sourcecode.c.c; path = SDMMD_Connection.c; sourceTree = "<group>"; };
		DAD912262C29A0A1005EBB6E /* SDMMD_Debugger.c */ = {isa = PBXFileReference; lastKnownFileType = sourcecode.c.c; path = SDMMD_Debugger.c; sourceTree = "<group>"; };
		DAD912272C29A0A1005EBB6E /* SDMMD_Error.c */ = {isa = PBXFileReference; lastKnownFileType = sourcecode.c.c; path = SDMMD_Error.c; sourceTree = "<group>"; };
		DAD912282C29A0A1005EBB6E /* SDMMD_FileRelay.c */ = {isa = PBXFileReference; lastKnownFileType = sourcecode.c.c; path = SDMMD_FileRelay.c; sourceTree = "<group>"; };
		DAD912292C29A0A1005EBB6E /* SDMMD_Functions.c */ = {isa = PBXFileReference; lastKnownFileType = sourcecode.c.c; path = SDMMD_Functions.c; sourceTree = "<group>"; };
		DAD9122A2C29A0A1005EBB6E /* SDMMD_Initialize.c */ = {isa = PBXFileReference; lastKnownFileType = sourcecode.c.c; path = SDMMD_Initialize.c; sourceTree = "<group>"; };
		DAD9122B2C29A0A1005EBB6E /* SDMMD_MCP_Class.c */ = {isa = PBXFileReference; lastKnownFileType = sourcecode.c.c; path = SDMMD_MCP_Class.c; sourceTree = "<group>"; };
		DAD9122C2C29A0A1005EBB6E /* SDMMD_MCP.c */ = {isa = PBXFileReference; lastKnownFileType = sourcecode.c.c; path = SDMMD_MCP.c; sourceTree = "<group>"; };
		DAD9122D2C29A0A1005EBB6E /* SDMMD_MDFUModeDevice.c */ = {isa = PBXFileReference; lastKnownFileType = sourcecode.c.c; path = SDMMD_MDFUModeDevice.c; sourceTree = "<group>"; };
		DAD9122E2C29A0A1005EBB6E /* SDMMD_MobileBackup2.c */ = {isa = PBXFileReference; lastKnownFileType = sourcecode.c.c; path = SDMMD_MobileBackup2.c; sourceTree = "<group>"; };
		DAD9122F2C29A0A1005EBB6E /* SDMMD_MRecoveryModeDevice.c */ = {isa = PBXFileReference; lastKnownFileType = sourcecode.c.c; path = SDMMD_MRecoveryModeDevice.c; sourceTree = "<group>"; };
		DAD912302C29A0A1005EBB6E /* SDMMD_MRestorableDevice.c */ = {isa = PBXFileReference; lastKnownFileType = sourcecode.c.c; path = SDMMD_MRestorableDevice.c; sourceTree = "<group>"; };
		DAD912312C29A0A1005EBB6E /* SDMMD_MRestoreModeDevice.c */ = {isa = PBXFileReference; lastKnownFileType = sourcecode.c.c; path = SDMMD_MRestoreModeDevice.c; sourceTree = "<group>"; };
		DAD912322C29A0A1005EBB6E /* SDMMD_MRUSBDevice.c */ = {isa = PBXFileReference; lastKnownFileType = sourcecode.c.c; path = SDMMD_MRUSBDevice.c; sourceTree = "<group>"; };
		DAD912332C29A0A1005EBB6E /* SDMMD_Notification.c */ = {isa = PBXFileReference; lastKnownFileType = sourcecode.c.c; path = SDMMD_Notification.c; sourceTree = "<group>"; };
		DAD912342C29A0A1005EBB6E /* SDMMD_Service.c */ = {isa = PBXFileReference; lastKnownFileType = sourcecode.c.c; path = SDMMD_Service.c; sourceTree = "<group>"; };
		DAD912352C29A0A1005EBB6E /* SDMMD_SSL_Functions.c */ = {isa = PBXFileReference; lastKnownFileType = sourcecode.c.c; path = SDMMD_SSL_Functions.c; sourceTree = "<group>"; };
		DAD912362C29A0A1005EBB6E /* SDMMD_USBMux_Protocol.c */ = {isa = PBXFileReference; lastKnownFileType = sourcecode.c.c; path = SDMMD_USBMux_Protocol.c; sourceTree = "<group>"; };
		DAD912372C29A0A1005EBB6E /* SDMMD_USBMuxListener_Class.c */ = {isa = PBXFileReference; lastKnownFileType = sourcecode.c.c; path = SDMMD_USBMuxListener_Class.c; sourceTree = "<group>"; };
		DAD912382C29A0A1005EBB6E /* SDMMD_USBMuxListener_Types.c */ = {isa = PBXFileReference; lastKnownFileType = sourcecode.c.c; path = SDMMD_USBMuxListener_Types.c; sourceTree = "<group>"; };
		DAD912392C29A0A1005EBB6E /* SDMMD_USBMuxListener.c */ = {isa = PBXFileReference; lastKnownFileType = sourcecode.c.c; path = SDMMD_USBMuxListener.c; sourceTree = "<group>"; };
		DAD9123B2C29A0A1005EBB6E /* SDMMobileDevice-Info.plist */ = {isa = PBXFileReference; lastKnownFileType = text.plist.xml; path = "SDMMobileDevice-Info.plist"; sourceTree = "<group>"; };
		DAD9123C2C29A0A1005EBB6E /* SDMMobileDevice.entitlements */ = {isa = PBXFileReference; lastKnownFileType = text.plist.entitlements; path = SDMMobileDevice.entitlements; sourceTree = "<group>"; };
		DAE3728F2C2D840B0014B498 /* Core.framework */ = {isa = PBXFileReference; explicitFileType = wrapper.framework; includeInIndex = 0; path = Core.framework; sourceTree = BUILT_PRODUCTS_DIR; };
		DAE3729B2C2D84730014B498 /* HelloSDMMobileDevice */ = {isa = PBXFileReference; explicitFileType = "compiled.mach-o.executable"; includeInIndex = 0; path = HelloSDMMobileDevice; sourceTree = BUILT_PRODUCTS_DIR; };
		DAE3729D2C2D84730014B498 /* main.m */ = {isa = PBXFileReference; lastKnownFileType = sourcecode.c.objc; path = main.m; sourceTree = "<group>"; };
/* End PBXFileReference section */

/* Begin PBXFrameworksBuildPhase section */
		DAD911832C299F5B005EBB6E /* Frameworks */ = {
			isa = PBXFrameworksBuildPhase;
			buildActionMask = 2147483647;
			files = (
			);
			runOnlyForDeploymentPostprocessing = 0;
		};
		DAD911B62C29A08D005EBB6E /* Frameworks */ = {
			isa = PBXFrameworksBuildPhase;
			buildActionMask = 2147483647;
			files = (
			);
			runOnlyForDeploymentPostprocessing = 0;
		};
		DAE3728C2C2D840B0014B498 /* Frameworks */ = {
			isa = PBXFrameworksBuildPhase;
			buildActionMask = 2147483647;
			files = (
			);
			runOnlyForDeploymentPostprocessing = 0;
		};
		DAE372982C2D84730014B498 /* Frameworks */ = {
			isa = PBXFrameworksBuildPhase;
			buildActionMask = 2147483647;
			files = (
			);
			runOnlyForDeploymentPostprocessing = 0;
		};
/* End PBXFrameworksBuildPhase section */

/* Begin PBXGroup section */
		DAD906FE2C297F05005EBB6E = {
			isa = PBXGroup;
			children = (
				DAD9123D2C29A0A1005EBB6E /* Framework */,
				DAD911B32C299FD2005EBB6E /* Core */,
				DAD9117C2C299EA2005EBB6E /* SDM_MD_Tests */,
				DAE3729C2C2D84730014B498 /* HelloSDMMobileDevice */,
				DAD911872C299F5B005EBB6E /* Products */,
				DAE372692C2AFD950014B498 /* Frameworks */,
			);
			sourceTree = "<group>";
		};
		DAD911792C299EA2005EBB6E /* SDM_MD_Tests */ = {
			isa = PBXGroup;
			children = (
				DAD911612C299EA2005EBB6E /* listener.c */,
				DAD911622C299EA2005EBB6E /* listener.h */,
				DAD911632C299EA2005EBB6E /* main.c */,
				DAD911642C299EA2005EBB6E /* test_AFC.c */,
				DAD911652C299EA2005EBB6E /* test_AFC.h */,
				DAD911662C299EA2005EBB6E /* test_AMDevice.c */,
				DAD911672C299EA2005EBB6E /* test_AMDevice.h */,
				DAD911682C299EA2005EBB6E /* test_AMService.c */,
				DAD911692C299EA2005EBB6E /* test_AMService.h */,
				DAD9116A2C299EA2005EBB6E /* test_apple_AFC.c */,
				DAD9116B2C299EA2005EBB6E /* test_apple_AFC.h */,
				DAD9116C2C299EA2005EBB6E /* test_apple_AMDevice.c */,
				DAD9116D2C299EA2005EBB6E /* test_apple_AMDevice.h */,
				DAD9116E2C299EA2005EBB6E /* test_apple_AMService.c */,
				DAD9116F2C299EA2005EBB6E /* test_apple_AMService.h */,
				DAD911702C299EA2005EBB6E /* test_sdm_AFC.c */,
				DAD911712C299EA2005EBB6E /* test_sdm_AFC.h */,
				DAD911722C299EA2005EBB6E /* test_sdm_AMDevice.c */,
				DAD911732C299EA2005EBB6E /* test_sdm_AMDevice.h */,
				DAD911742C299EA2005EBB6E /* test_sdm_AMService.c */,
				DAD911752C299EA2005EBB6E /* test_sdm_AMService.h */,
				DAD911762C299EA2005EBB6E /* test_Type.h */,
				DAD911772C299EA2005EBB6E /* tests.c */,
				DAD911782C299EA2005EBB6E /* tests.h */,
			);
			path = SDM_MD_Tests;
			sourceTree = "<group>";
		};
		DAD9117C2C299EA2005EBB6E /* SDM_MD_Tests */ = {
			isa = PBXGroup;
			children = (
				DAD911792C299EA2005EBB6E /* SDM_MD_Tests */,
				DAD9117A2C299EA2005EBB6E /* MobileDevice.h */,
			);
			path = SDM_MD_Tests;
			sourceTree = "<group>";
		};
		DAD911872C299F5B005EBB6E /* Products */ = {
			isa = PBXGroup;
			children = (
				DAD911862C299F5B005EBB6E /* SDM_MD_Tests */,
				DAD911B92C29A08D005EBB6E /* SDMMobileDevice.framework */,
				DAE3728F2C2D840B0014B498 /* Core.framework */,
				DAE3729B2C2D84730014B498 /* HelloSDMMobileDevice */,
			);
			name = Products;
			sourceTree = "<group>";
		};
		DAD911982C299FD2005EBB6E /* CoreFoundation */ = {
			isa = PBXGroup;
			children = (
				DAD9118F2C299FD2005EBB6E /* CFDataAddition.c */,
				DAD911902C299FD2005EBB6E /* CFDataAddition.h */,
				DAD911912C299FD2005EBB6E /* CFDictionaryAddition.c */,
				DAD911922C299FD2005EBB6E /* CFDictionaryAddition.h */,
				DAD911932C299FD2005EBB6E /* CFStringAddition.c */,
				DAD911942C299FD2005EBB6E /* CFStringAddition.h */,
				DAD911952C299FD2005EBB6E /* CFTypeAddition.c */,
				DAD911962C299FD2005EBB6E /* CFTypeAddition.h */,
			);
			path = CoreFoundation;
			sourceTree = "<group>";
		};
		DAD9119E2C299FD2005EBB6E /* Geometry */ = {
			isa = PBXGroup;
			children = (
				DAD911992C299FD2005EBB6E /* GeometryMaths.h */,
				DAD9119A2C299FD2005EBB6E /* Matrix.c */,
				DAD9119B2C299FD2005EBB6E /* Matrix.h */,
				DAD9119C2C299FD2005EBB6E /* Vector.c */,
				DAD9119D2C299FD2005EBB6E /* Vector.h */,
			);
			path = Geometry;
			sourceTree = "<group>";
		};
		DAD911AD2C299FD2005EBB6E /* Core */ = {
			isa = PBXGroup;
			children = (
				DAD911982C299FD2005EBB6E /* CoreFoundation */,
				DAD9119E2C299FD2005EBB6E /* Geometry */,
				DAD9119F2C299FD2005EBB6E /* Array.h */,
				DAD911A02C299FD2005EBB6E /* Attributes.h */,
				DAD911A12C299FD2005EBB6E /* Buffer.c */,
				DAD911A22C299FD2005EBB6E /* Buffer.h */,
				DAD911A32C299FD2005EBB6E /* CFLinuxCompatibility.h */,
				DAD911A42C299FD2005EBB6E /* Core.h */,
				DAD911A52C299FD2005EBB6E /* Endian.h */,
				DAD911A62C299FD2005EBB6E /* File.c */,
				DAD911A72C299FD2005EBB6E /* File.h */,
				DAD911A82C299FD2005EBB6E /* Logging.h */,
				DAD911A92C299FD2005EBB6E /* makefile-linux */,
				DAD911AA2C299FD2005EBB6E /* Number.h */,
				DAD911AB2C299FD2005EBB6E /* Pointer.h */,
				DAD911AC2C299FD2005EBB6E /* Range.h */,
			);
			path = Core;
			sourceTree = "<group>";
		};
		DAD911B32C299FD2005EBB6E /* Core */ = {
			isa = PBXGroup;
			children = (
				DAD911AD2C299FD2005EBB6E /* Core */,
				DAD911AE2C299FD2005EBB6E /* .clang-format */,
				DAD911AF2C299FD2005EBB6E /* .gitignore */,
				DAD911B02C299FD2005EBB6E /* CONTRIBUTING.md */,
				DAD911B12C299FD2005EBB6E /* LICENSE */,
				DAD911B22C299FD2005EBB6E /* README */,
			);
			path = Core;
			sourceTree = "<group>";
		};
		DAD911D72C29A0A1005EBB6E /* Certs */ = {
			isa = PBXGroup;
			children = (
				DAD911C02C29A0A1005EBB6E /* Img4Ticket8960Cert.crt */,
				DAD911C12C29A0A1005EBB6E /* Img4Ticket8960DevCert.crt */,
				DAD911C22C29A0A1005EBB6E /* Img4Ticket8960UnfusedCert.crt */,
				DAD911C32C29A0A1005EBB6E /* Img4TicketCACert.crt */,
				DAD911C42C29A0A1005EBB6E /* Img4TicketDevPrivateKey.pem */,
				DAD911C52C29A0A1005EBB6E /* Img4TicketPrivateKey.pem */,
				DAD911C62C29A0A1005EBB6E /* Img4TicketUnfusedPrivateKey.pem */,
				DAD911C72C29A0A1005EBB6E /* MonetAttestationCACert.crt */,
				DAD911C82C29A0A1005EBB6E /* MonetAttestationDblCert.crt */,
				DAD911C92C29A0A1005EBB6E /* MonetAttestationDblCertPrivateKey.pem */,
				DAD911CA2C29A0A1005EBB6E /* MonetAttestationENandprogCert.crt */,
				DAD911CB2C29A0A1005EBB6E /* MonetAttestationENandprogCertPrivateKey.pem */,
				DAD911CC2C29A0A1005EBB6E /* MonetRootCACert.crt */,
				DAD911CD2C29A0A1005EBB6E /* MonetTicketActivationPrivateKey.pem */,
				DAD911CE2C29A0A1005EBB6E /* MonetTicketCalibrationPrivateKey.pem */,
				DAD911CF2C29A0A1005EBB6E /* MonetTicketProvisioningA1PublicKey.pem */,
				DAD911D02C29A0A1005EBB6E /* MonetTicketProvisioningA2PublicKey.pem */,
				DAD911D12C29A0A1005EBB6E /* MonetTicketProvisioningC1PublicKey.pem */,
				DAD911D22C29A0A1005EBB6E /* MonetTicketProvisioningC2PublicKey.pem */,
				DAD911D32C29A0A1005EBB6E /* MonetTicketProvisioningP1PublicKey.pem */,
				DAD911D42C29A0A1005EBB6E /* MonetTicketProvisioningP2PublicKey.pem */,
				DAD911D52C29A0A1005EBB6E /* MonetTicketProvisioningPrivateKey.pem */,
				DAD911D62C29A0A1005EBB6E /* MonetTicketRootPrivateKey.pem */,
			);
			path = Certs;
			sourceTree = "<group>";
		};
		DAD9120A2C29A0A1005EBB6E /* SDMMobileDevice */ = {
			isa = PBXGroup;
			children = (
				DAD911D82C29A0A1005EBB6E /* CFRuntime.h */,
				DAD911D92C29A0A1005EBB6E /* SDMMD_AFC_Types.h */,
				DAD911DA2C29A0A1005EBB6E /* SDMMD_AFCConnection_Class.h */,
				DAD911DB2C29A0A1005EBB6E /* SDMMD_AFCConnection_Internal.h */,
				DAD911DC2C29A0A1005EBB6E /* SDMMD_AFCOperation_Class.h */,
				DAD911DD2C29A0A1005EBB6E /* SDMMD_AFCOperation_Internal.h */,
				DAD911DE2C29A0A1005EBB6E /* SDMMD_AMAuthInstall.h */,
				DAD911DF2C29A0A1005EBB6E /* SDMMD_AMAuthInstallApImg3.h */,
				DAD911E02C29A0A1005EBB6E /* SDMMD_AMAuthInstallApImg4.h */,
				DAD911E12C29A0A1005EBB6E /* SDMMD_AMAuthInstallMonet.h */,
				DAD911E22C29A0A1005EBB6E /* SDMMD_AMDevice_Class.h */,
				DAD911E32C29A0A1005EBB6E /* SDMMD_AMDevice_Internal.h */,
				DAD911E42C29A0A1005EBB6E /* SDMMD_AMDevice.h */,
				DAD911E52C29A0A1005EBB6E /* SDMMD_AppleFileConduit.h */,
				DAD911E62C29A0A1005EBB6E /* SDMMD_Applications.h */,
				DAD911E72C29A0A1005EBB6E /* SDMMD_Classes.h */,
				DAD911E82C29A0A1005EBB6E /* SDMMD_Connection_Class.h */,
				DAD911E92C29A0A1005EBB6E /* SDMMD_Connection_Internal.h */,
				DAD911EA2C29A0A1005EBB6E /* SDMMD_Connection_Private.h */,
				DAD911EB2C29A0A1005EBB6E /* SDMMD_Connection.h */,
				DAD911EC2C29A0A1005EBB6E /* SDMMD_Debugger_Internal.h */,
				DAD911ED2C29A0A1005EBB6E /* SDMMD_Debugger.h */,
				DAD911EE2C29A0A1005EBB6E /* SDMMD_Error.h */,
				DAD911EF2C29A0A1005EBB6E /* SDMMD_FileRelay.h */,
				DAD911F02C29A0A1005EBB6E /* SDMMD_Functions.h */,
				DAD911F12C29A0A1005EBB6E /* SDMMD_Initialize.h */,
				DAD911F22C29A0A1005EBB6E /* SDMMD_Keys.h */,
				DAD911F32C29A0A1005EBB6E /* SDMMD_MCP_Class.h */,
				DAD911F42C29A0A1005EBB6E /* SDMMD_MCP_Internal.h */,
				DAD911F52C29A0A1005EBB6E /* SDMMD_MCP.h */,
				DAD911F62C29A0A1005EBB6E /* SDMMD_MDFUModeDevice.h */,
				DAD911F72C29A0A1005EBB6E /* SDMMD_MobileBackup2.h */,
				DAD911F82C29A0A1005EBB6E /* SDMMD_MobileConfig.h */,
				DAD911F92C29A0A1005EBB6E /* SDMMD_MRecoveryModeDevice.h */,
				DAD911FA2C29A0A1005EBB6E /* SDMMD_MRestorableDevice.h */,
				DAD911FB2C29A0A1005EBB6E /* SDMMD_MRestoreModeDevice.h */,
				DAD911FC2C29A0A1005EBB6E /* SDMMD_MRUSBDevice.h */,
				DAD911FD2C29A0A1005EBB6E /* SDMMD_Notification.h */,
				DAD911FE2C29A0A1005EBB6E /* SDMMD_pcap.h */,
				DAD911FF2C29A0A1005EBB6E /* SDMMD_Service.h */,
				DAD912002C29A0A1005EBB6E /* SDMMD_SSL_Functions.h */,
				DAD912012C29A0A1005EBB6E /* SDMMD_Types.h */,
				DAD912022C29A0A1005EBB6E /* SDMMD_USBMux_Protocol.h */,
				DAD912032C29A0A1005EBB6E /* SDMMD_USBMuxListener_Class.h */,
				DAD912042C29A0A1005EBB6E /* SDMMD_USBMuxListener_Internal.h */,
				DAD912052C29A0A1005EBB6E /* SDMMD_USBMuxListener_Types.h */,
				DAD912062C29A0A1005EBB6E /* SDMMD_USBMuxListener.h */,
				DAD912072C29A0A1005EBB6E /* SDMMobileDevice.h */,
				DAD912082C29A0A1005EBB6E /* SDMTranslation.h */,
				DAD912092C29A0A1005EBB6E /* SDMTypeTranslation.h */,
			);
			path = SDMMobileDevice;
			sourceTree = "<group>";
		};
		DAD9120B2C29A0A1005EBB6E /* include */ = {
			isa = PBXGroup;
			children = (
				DAD9120A2C29A0A1005EBB6E /* SDMMobileDevice */,
			);
			path = include;
			sourceTree = "<group>";
		};
		DAD912182C29A0A1005EBB6E /* old */ = {
			isa = PBXGroup;
			children = (
				DAD9120C2C29A0A1005EBB6E /* SDMMD_AFC.c */,
				DAD9120D2C29A0A1005EBB6E /* SDMMD_AFC.h */,
				DAD9120E2C29A0A1005EBB6E /* SDMMD_AFCCondition.c */,
				DAD9120F2C29A0A1005EBB6E /* SDMMD_AFCCondition.h */,
				DAD912102C29A0A1005EBB6E /* SDMMD_AFCDevice.c */,
				DAD912112C29A0A1005EBB6E /* SDMMD_AFCDevice.h */,
				DAD912122C29A0A1005EBB6E /* SDMMD_AFCIterator.c */,
				DAD912132C29A0A1005EBB6E /* SDMMD_AFCIterator.h */,
				DAD912142C29A0A1005EBB6E /* SDMMD_AFCLock.c */,
				DAD912152C29A0A1005EBB6E /* SDMMD_AFCLock.h */,
				DAD912162C29A0A1005EBB6E /* SDMMD_AFCOperation.c */,
				DAD912172C29A0A1005EBB6E /* SDMMD_AFCOperation.h */,
			);
			path = old;
			sourceTree = "<group>";
		};
		DAD9123A2C29A0A1005EBB6E /* src */ = {
			isa = PBXGroup;
			children = (
				DAD912192C29A0A1005EBB6E /* SDMMD_AFC_Types.c */,
				DAD9121A2C29A0A1005EBB6E /* SDMMD_AFCConnection_Class.c */,
				DAD9121B2C29A0A1005EBB6E /* SDMMD_AFCOperation_Class.c */,
				DAD9121C2C29A0A1005EBB6E /* SDMMD_AMAuthInstall.c */,
				DAD9121D2C29A0A1005EBB6E /* SDMMD_AMAuthInstallApImg3.c */,
				DAD9121E2C29A0A1005EBB6E /* SDMMD_AMAuthInstallApImg4.c */,
				DAD9121F2C29A0A1005EBB6E /* SDMMD_AMAuthInstallMonet.c */,
				DAD912202C29A0A1005EBB6E /* SDMMD_AMDevice_Class.c */,
				DAD912212C29A0A1005EBB6E /* SDMMD_AMDevice.c */,
				DAD912222C29A0A1005EBB6E /* SDMMD_AppleFileConduit.c */,
				DAD912232C29A0A1005EBB6E /* SDMMD_Applications.c */,
				DAD912242C29A0A1005EBB6E /* SDMMD_Connection_Class.c */,
				DAD912252C29A0A1005EBB6E /* SDMMD_Connection.c */,
				DAD912262C29A0A1005EBB6E /* SDMMD_Debugger.c */,
				DAD912272C29A0A1005EBB6E /* SDMMD_Error.c */,
				DAD912282C29A0A1005EBB6E /* SDMMD_FileRelay.c */,
				DAD912292C29A0A1005EBB6E /* SDMMD_Functions.c */,
				DAD9122A2C29A0A1005EBB6E /* SDMMD_Initialize.c */,
				DAD9122B2C29A0A1005EBB6E /* SDMMD_MCP_Class.c */,
				DAD9122C2C29A0A1005EBB6E /* SDMMD_MCP.c */,
				DAD9122D2C29A0A1005EBB6E /* SDMMD_MDFUModeDevice.c */,
				DAD9122E2C29A0A1005EBB6E /* SDMMD_MobileBackup2.c */,
				DAD9122F2C29A0A1005EBB6E /* SDMMD_MRecoveryModeDevice.c */,
				DAD912302C29A0A1005EBB6E /* SDMMD_MRestorableDevice.c */,
				DAD912312C29A0A1005EBB6E /* SDMMD_MRestoreModeDevice.c */,
				DAD912322C29A0A1005EBB6E /* SDMMD_MRUSBDevice.c */,
				DAD912332C29A0A1005EBB6E /* SDMMD_Notification.c */,
				DAD912342C29A0A1005EBB6E /* SDMMD_Service.c */,
				DAD912352C29A0A1005EBB6E /* SDMMD_SSL_Functions.c */,
				DAD912362C29A0A1005EBB6E /* SDMMD_USBMux_Protocol.c */,
				DAD912372C29A0A1005EBB6E /* SDMMD_USBMuxListener_Class.c */,
				DAD912382C29A0A1005EBB6E /* SDMMD_USBMuxListener_Types.c */,
				DAD912392C29A0A1005EBB6E /* SDMMD_USBMuxListener.c */,
			);
			path = src;
			sourceTree = "<group>";
		};
		DAD9123D2C29A0A1005EBB6E /* Framework */ = {
			isa = PBXGroup;
			children = (
				DAD911D72C29A0A1005EBB6E /* Certs */,
				DAD9120B2C29A0A1005EBB6E /* include */,
				DAD912182C29A0A1005EBB6E /* old */,
				DAD9123A2C29A0A1005EBB6E /* src */,
				DAD9123B2C29A0A1005EBB6E /* SDMMobileDevice-Info.plist */,
				DAD9123C2C29A0A1005EBB6E /* SDMMobileDevice.entitlements */,
			);
			path = Framework;
			sourceTree = "<group>";
		};
		DAE372692C2AFD950014B498 /* Frameworks */ = {
			isa = PBXGroup;
			children = (
			);
			name = Frameworks;
			sourceTree = "<group>";
		};
		DAE3729C2C2D84730014B498 /* HelloSDMMobileDevice */ = {
			isa = PBXGroup;
			children = (
				DAE3729D2C2D84730014B498 /* main.m */,
			);
			path = HelloSDMMobileDevice;
			sourceTree = "<group>";
		};
/* End PBXGroup section */

/* Begin PBXHeadersBuildPhase section */
		DAD911B42C29A08D005EBB6E /* Headers */ = {
			isa = PBXHeadersBuildPhase;
			buildActionMask = 2147483647;
			files = (
				DAD9123E2C29A0B7005EBB6E /* SDMMobileDevice.h in Headers */,
				DAD912412C29A1AD005EBB6E /* SDMMD_Initialize.h in Headers */,
				DAD912422C29A211005EBB6E /* SDMMD_Functions.h in Headers */,
				DAD912432C29A238005EBB6E /* SDMMD_Types.h in Headers */,
				DAD912442C29A298005EBB6E /* SDMMD_MCP.h in Headers */,
				DAD912452C29A2B4005EBB6E /* SDMMD_Error.h in Headers */,
				DAD912462C29A2D4005EBB6E /* SDMMD_AMDevice.h in Headers */,
				DAD912472C29A2F5005EBB6E /* SDMMD_AMDevice_Class.h in Headers */,
				DAD912482C29A323005EBB6E /* SDMMD_Keys.h in Headers */,
				DAD912492C29A341005EBB6E /* SDMMD_Applications.h in Headers */,
				DAD9125C2C29A452005EBB6E /* SDMMD_MCP_Class.h in Headers */,
				DAD912652C2AA55A005EBB6E /* SDMMD_AFC_Types.h in Headers */,
				DAD912642C29A564005EBB6E /* SDMMD_AppleFileConduit.h in Headers */,
				DAD912662C2AA5F5005EBB6E /* SDMMD_AFCConnection_Class.h in Headers */,
				DAD912672C2AA620005EBB6E /* SDMMD_Connection_Class.h in Headers */,
				DAD912682C2AA63D005EBB6E /* SDMMD_AFCOperation_Class.h in Headers */,
				DAD912692C2AA658005EBB6E /* SDMMD_Service.h in Headers */,
				DAD9126B2C2AA6DD005EBB6E /* SDMMD_USBMuxListener.h in Headers */,
				DAD9126A2C2AA682005EBB6E /* SDMMD_Connection.h in Headers */,
				DAD9126D2C2AA71F005EBB6E /* SDMMD_USBMuxListener_Types.h in Headers */,
				DAD912712C2AA766005EBB6E /* SDMMD_MobileBackup2.h in Headers */,
				DAD9126E2C2AA734005EBB6E /* SDMMD_Notification.h in Headers */,
				DAD9126C2C2AA70B005EBB6E /* SDMMD_USBMuxListener_Class.h in Headers */,
				DAD912702C2AA755005EBB6E /* SDMMD_FileRelay.h in Headers */,
				DAD912722C2AA779005EBB6E /* SDMMD_pcap.h in Headers */,
				DAD912742C2AA79C005EBB6E /* SDMMD_USBMux_Protocol.h in Headers */,
				DAD912732C2AA78B005EBB6E /* SDMMD_MobileConfig.h in Headers */,
				DAD9126F2C2AA744005EBB6E /* SDMMD_Debugger.h in Headers */,
				DAD912982C2AB01F005EBB6E /* CFRuntime.h in Headers */,
			);
			runOnlyForDeploymentPostprocessing = 0;
		};
		DAE3728A2C2D840B0014B498 /* Headers */ = {
			isa = PBXHeadersBuildPhase;
			buildActionMask = 2147483647;
			files = (
				DAE372962C2D84240014B498 /* Core.h in Headers */,
			);
			runOnlyForDeploymentPostprocessing = 0;
		};
/* End PBXHeadersBuildPhase section */

/* Begin PBXNativeTarget section */
		DAD911852C299F5B005EBB6E /* SDM_MD_Tests */ = {
			isa = PBXNativeTarget;
			buildConfigurationList = DAD9118D2C299F5B005EBB6E /* Build configuration list for PBXNativeTarget "SDM_MD_Tests" */;
			buildPhases = (
				DAD911822C299F5B005EBB6E /* Sources */,
				DAD911832C299F5B005EBB6E /* Frameworks */,
				DAD911842C299F5B005EBB6E /* CopyFiles */,
			);
			buildRules = (
			);
			dependencies = (
				DAD912402C29A0C1005EBB6E /* PBXTargetDependency */,
			);
			name = SDM_MD_Tests;
			productName = SDM_MD_Tests;
			productReference = DAD911862C299F5B005EBB6E /* SDM_MD_Tests */;
			productType = "com.apple.product-type.tool";
		};
		DAD911B82C29A08D005EBB6E /* SDMMobileDevice */ = {
			isa = PBXNativeTarget;
			buildConfigurationList = DAD911BF2C29A08D005EBB6E /* Build configuration list for PBXNativeTarget "SDMMobileDevice" */;
			buildPhases = (
				DAD911B42C29A08D005EBB6E /* Headers */,
				DAD911B52C29A08D005EBB6E /* Sources */,
				DAD911B62C29A08D005EBB6E /* Frameworks */,
				DAD911B72C29A08D005EBB6E /* Resources */,
			);
			buildRules = (
			);
			dependencies = (
			);
			name = SDMMobileDevice;
			productName = SDMMobileDevice;
			productReference = DAD911B92C29A08D005EBB6E /* SDMMobileDevice.framework */;
			productType = "com.apple.product-type.framework";
		};
		DAE3728E2C2D840B0014B498 /* Core */ = {
			isa = PBXNativeTarget;
			buildConfigurationList = DAE372932C2D840B0014B498 /* Build configuration list for PBXNativeTarget "Core" */;
			buildPhases = (
				DAE3728A2C2D840B0014B498 /* Headers */,
				DAE3728B2C2D840B0014B498 /* Sources */,
				DAE3728C2C2D840B0014B498 /* Frameworks */,
				DAE3728D2C2D840B0014B498 /* Resources */,
			);
			buildRules = (
			);
			dependencies = (
			);
			name = Core;
			productName = Core;
			productReference = DAE3728F2C2D840B0014B498 /* Core.framework */;
			productType = "com.apple.product-type.framework";
		};
		DAE3729A2C2D84730014B498 /* HelloSDMMobileDevice */ = {
			isa = PBXNativeTarget;
			buildConfigurationList = DAE3729F2C2D84730014B498 /* Build configuration list for PBXNativeTarget "HelloSDMMobileDevice" */;
			buildPhases = (
				DAE372972C2D84730014B498 /* Sources */,
				DAE372982C2D84730014B498 /* Frameworks */,
				DAE372992C2D84730014B498 /* CopyFiles */,
			);
			buildRules = (
			);
			dependencies = (
			);
			name = HelloSDMMobileDevice;
			productName = HelloSDMMobileDevice;
			productReference = DAE3729B2C2D84730014B498 /* HelloSDMMobileDevice */;
			productType = "com.apple.product-type.tool";
		};
/* End PBXNativeTarget section */

/* Begin PBXProject section */
		DAD906FF2C297F05005EBB6E /* Project object */ = {
			isa = PBXProject;
			attributes = {
				BuildIndependentTargetsInParallel = 1;
				LastUpgradeCheck = 1530;
				TargetAttributes = {
					DAD911852C299F5B005EBB6E = {
						CreatedOnToolsVersion = 15.3;
					};
					DAD911B82C29A08D005EBB6E = {
						CreatedOnToolsVersion = 15.3;
					};
					DAE3728E2C2D840B0014B498 = {
						CreatedOnToolsVersion = 15.3;
					};
					DAE3729A2C2D84730014B498 = {
						CreatedOnToolsVersion = 15.3;
					};
				};
			};
			buildConfigurationList = DAD907022C297F05005EBB6E /* Build configuration list for PBXProject "SDMMobileDevice" */;
			compatibilityVersion = "Xcode 14.0";
			developmentRegion = en;
			hasScannedForEncodings = 0;
			knownRegions = (
				en,
				Base,
			);
			mainGroup = DAD906FE2C297F05005EBB6E;
			productRefGroup = DAD911872C299F5B005EBB6E /* Products */;
			projectDirPath = "";
			projectRoot = "";
			targets = (
				DAD911852C299F5B005EBB6E /* SDM_MD_Tests */,
				DAD911B82C29A08D005EBB6E /* SDMMobileDevice */,
				DAE3728E2C2D840B0014B498 /* Core */,
				DAE3729A2C2D84730014B498 /* HelloSDMMobileDevice */,
			);
		};
/* End PBXProject section */

/* Begin PBXResourcesBuildPhase section */
		DAD911B72C29A08D005EBB6E /* Resources */ = {
			isa = PBXResourcesBuildPhase;
			buildActionMask = 2147483647;
			files = (
			);
			runOnlyForDeploymentPostprocessing = 0;
		};
		DAE3728D2C2D840B0014B498 /* Resources */ = {
			isa = PBXResourcesBuildPhase;
			buildActionMask = 2147483647;
			files = (
			);
			runOnlyForDeploymentPostprocessing = 0;
		};
/* End PBXResourcesBuildPhase section */

/* Begin PBXSourcesBuildPhase section */
		DAD911822C299F5B005EBB6E /* Sources */ = {
			isa = PBXSourcesBuildPhase;
			buildActionMask = 2147483647;
			files = (
				DAE372882C2D7ADA0014B498 /* test_AFC.c in Sources */,
				DAD9118E2C299F6C005EBB6E /* main.c in Sources */,
				DAD912962C2AAFD9005EBB6E /* tests.c in Sources */,
				DAE372892C2D7AF10014B498 /* test_AMDevice.c in Sources */,
			);
			runOnlyForDeploymentPostprocessing = 0;
		};
		DAD911B52C29A08D005EBB6E /* Sources */ = {
			isa = PBXSourcesBuildPhase;
			buildActionMask = 2147483647;
			files = (
				DAE372762C2B00E70014B498 /* SDMMD_USBMuxListener.c in Sources */,
				DAE372702C2AFEE80014B498 /* SDMMD_AFCOperation_Class.c in Sources */,
				DAE3727A2C2B01B70014B498 /* SDMMD_Error.c in Sources */,
				DAE3726D2C2AFE040014B498 /* SDMMD_SSL_Functions.c in Sources */,
				DAE372622C2AFC880014B498 /* SDMMD_MCP.c in Sources */,
				DAE372772C2B01200014B498 /* SDMMD_USBMuxListener_Class.c in Sources */,
				DAE372722C2AFF590014B498 /* SDMMD_Connection_Class.c in Sources */,
				DAD912972C2AB003005EBB6E /* SDMMD_AMDevice.c in Sources */,
				DAE372752C2B00B40014B498 /* SDMMD_Service.c in Sources */,
				DAE372712C2AFF2B0014B498 /* SDMMD_AFC_Types.c in Sources */,
				DAE372742C2B007E0014B498 /* SDMMD_MCP_Class.c in Sources */,
				DAE372782C2B01640014B498 /* SDMMD_USBMux_Protocol.c in Sources */,
				DAE3726F2C2AFE820014B498 /* SDMMD_AFCConnection_Class.c in Sources */,
				DAE372632C2AFCD30014B498 /* SDMMD_Initialize.c in Sources */,
				DAE372732C2AFFA20014B498 /* SDMMD_AMDevice_Class.c in Sources */,
				DAE372642C2AFD1C0014B498 /* SDMMD_Functions.c in Sources */,
				DAE372792C2B01950014B498 /* SDMMD_USBMuxListener_Types.c in Sources */,
			);
			runOnlyForDeploymentPostprocessing = 0;
		};
		DAE3728B2C2D840B0014B498 /* Sources */ = {
			isa = PBXSourcesBuildPhase;
			buildActionMask = 2147483647;
			files = (
			);
			runOnlyForDeploymentPostprocessing = 0;
		};
		DAE372972C2D84730014B498 /* Sources */ = {
			isa = PBXSourcesBuildPhase;
			buildActionMask = 2147483647;
			files = (
				DAE3729E2C2D84730014B498 /* main.m in Sources */,
			);
			runOnlyForDeploymentPostprocessing = 0;
		};
/* End PBXSourcesBuildPhase section */

/* Begin PBXTargetDependency section */
		DAD912402C29A0C1005EBB6E /* PBXTargetDependency */ = {
			isa = PBXTargetDependency;
			target = DAD911B82C29A08D005EBB6E /* SDMMobileDevice */;
			targetProxy = DAD9123F2C29A0C1005EBB6E /* PBXContainerItemProxy */;
		};
/* End PBXTargetDependency section */

/* Begin XCBuildConfiguration section */
		DAD907032C297F05005EBB6E /* Debug */ = {
			isa = XCBuildConfiguration;
			buildSettings = {
			};
			name = Debug;
		};
		DAD907042C297F05005EBB6E /* Release */ = {
			isa = XCBuildConfiguration;
			buildSettings = {
			};
			name = Release;
		};
		DAD9118B2C299F5B005EBB6E /* Debug */ = {
			isa = XCBuildConfiguration;
			buildSettings = {
				ALWAYS_SEARCH_USER_PATHS = NO;
				ASSETCATALOG_COMPILER_GENERATE_SWIFT_ASSET_SYMBOL_EXTENSIONS = YES;
				CLANG_ANALYZER_NONNULL = YES;
				CLANG_ANALYZER_NUMBER_OBJECT_CONVERSION = YES_AGGRESSIVE;
				CLANG_CXX_LANGUAGE_STANDARD = "gnu++20";
				CLANG_ENABLE_MODULES = YES;
				CLANG_ENABLE_OBJC_ARC = YES;
				CLANG_ENABLE_OBJC_WEAK = YES;
				CLANG_WARN_BLOCK_CAPTURE_AUTORELEASING = YES;
				CLANG_WARN_BOOL_CONVERSION = YES;
				CLANG_WARN_COMMA = YES;
				CLANG_WARN_CONSTANT_CONVERSION = YES;
				CLANG_WARN_DEPRECATED_OBJC_IMPLEMENTATIONS = YES;
				CLANG_WARN_DIRECT_OBJC_ISA_USAGE = YES_ERROR;
				CLANG_WARN_DOCUMENTATION_COMMENTS = YES;
				CLANG_WARN_EMPTY_BODY = YES;
				CLANG_WARN_ENUM_CONVERSION = YES;
				CLANG_WARN_INFINITE_RECURSION = YES;
				CLANG_WARN_INT_CONVERSION = YES;
				CLANG_WARN_NON_LITERAL_NULL_CONVERSION = YES;
				CLANG_WARN_OBJC_IMPLICIT_RETAIN_SELF = YES;
				CLANG_WARN_OBJC_LITERAL_CONVERSION = YES;
				CLANG_WARN_OBJC_ROOT_CLASS = YES_ERROR;
				CLANG_WARN_QUOTED_INCLUDE_IN_FRAMEWORK_HEADER = YES;
				CLANG_WARN_RANGE_LOOP_ANALYSIS = YES;
				CLANG_WARN_STRICT_PROTOTYPES = YES;
				CLANG_WARN_SUSPICIOUS_MOVE = YES;
				CLANG_WARN_UNGUARDED_AVAILABILITY = YES_AGGRESSIVE;
				CLANG_WARN_UNREACHABLE_CODE = YES;
				CLANG_WARN__DUPLICATE_METHOD_MATCH = YES;
				CODE_SIGN_STYLE = Automatic;
				COPY_PHASE_STRIP = NO;
				DEBUG_INFORMATION_FORMAT = dwarf;
				ENABLE_STRICT_OBJC_MSGSEND = YES;
				ENABLE_TESTABILITY = YES;
				ENABLE_USER_SCRIPT_SANDBOXING = YES;
				GCC_C_LANGUAGE_STANDARD = gnu17;
				GCC_DYNAMIC_NO_PIC = NO;
				GCC_NO_COMMON_BLOCKS = YES;
				GCC_OPTIMIZATION_LEVEL = 0;
				GCC_PREPROCESSOR_DEFINITIONS = (
					"DEBUG=1",
					"$(inherited)",
				);
				GCC_WARN_64_TO_32_BIT_CONVERSION = YES;
				GCC_WARN_ABOUT_RETURN_TYPE = YES_ERROR;
				GCC_WARN_UNDECLARED_SELECTOR = YES;
				GCC_WARN_UNINITIALIZED_AUTOS = YES_AGGRESSIVE;
				GCC_WARN_UNUSED_FUNCTION = YES;
				GCC_WARN_UNUSED_VARIABLE = YES;
				LOCALIZATION_PREFERS_STRING_CATALOGS = YES;
				MACOSX_DEPLOYMENT_TARGET = 14.4;
				MTL_ENABLE_DEBUG_INFO = INCLUDE_SOURCE;
				MTL_FAST_MATH = YES;
				ONLY_ACTIVE_ARCH = YES;
				PRODUCT_NAME = "$(TARGET_NAME)";
				SDKROOT = macosx;
			};
			name = Debug;
		};
		DAD9118C2C299F5B005EBB6E /* Release */ = {
			isa = XCBuildConfiguration;
			buildSettings = {
				ALWAYS_SEARCH_USER_PATHS = NO;
				ASSETCATALOG_COMPILER_GENERATE_SWIFT_ASSET_SYMBOL_EXTENSIONS = YES;
				CLANG_ANALYZER_NONNULL = YES;
				CLANG_ANALYZER_NUMBER_OBJECT_CONVERSION = YES_AGGRESSIVE;
				CLANG_CXX_LANGUAGE_STANDARD = "gnu++20";
				CLANG_ENABLE_MODULES = YES;
				CLANG_ENABLE_OBJC_ARC = YES;
				CLANG_ENABLE_OBJC_WEAK = YES;
				CLANG_WARN_BLOCK_CAPTURE_AUTORELEASING = YES;
				CLANG_WARN_BOOL_CONVERSION = YES;
				CLANG_WARN_COMMA = YES;
				CLANG_WARN_CONSTANT_CONVERSION = YES;
				CLANG_WARN_DEPRECATED_OBJC_IMPLEMENTATIONS = YES;
				CLANG_WARN_DIRECT_OBJC_ISA_USAGE = YES_ERROR;
				CLANG_WARN_DOCUMENTATION_COMMENTS = YES;
				CLANG_WARN_EMPTY_BODY = YES;
				CLANG_WARN_ENUM_CONVERSION = YES;
				CLANG_WARN_INFINITE_RECURSION = YES;
				CLANG_WARN_INT_CONVERSION = YES;
				CLANG_WARN_NON_LITERAL_NULL_CONVERSION = YES;
				CLANG_WARN_OBJC_IMPLICIT_RETAIN_SELF = YES;
				CLANG_WARN_OBJC_LITERAL_CONVERSION = YES;
				CLANG_WARN_OBJC_ROOT_CLASS = YES_ERROR;
				CLANG_WARN_QUOTED_INCLUDE_IN_FRAMEWORK_HEADER = YES;
				CLANG_WARN_RANGE_LOOP_ANALYSIS = YES;
				CLANG_WARN_STRICT_PROTOTYPES = YES;
				CLANG_WARN_SUSPICIOUS_MOVE = YES;
				CLANG_WARN_UNGUARDED_AVAILABILITY = YES_AGGRESSIVE;
				CLANG_WARN_UNREACHABLE_CODE = YES;
				CLANG_WARN__DUPLICATE_METHOD_MATCH = YES;
				CODE_SIGN_STYLE = Automatic;
				COPY_PHASE_STRIP = NO;
				DEBUG_INFORMATION_FORMAT = "dwarf-with-dsym";
				ENABLE_NS_ASSERTIONS = NO;
				ENABLE_STRICT_OBJC_MSGSEND = YES;
				ENABLE_USER_SCRIPT_SANDBOXING = YES;
				GCC_C_LANGUAGE_STANDARD = gnu17;
				GCC_NO_COMMON_BLOCKS = YES;
				GCC_WARN_64_TO_32_BIT_CONVERSION = YES;
				GCC_WARN_ABOUT_RETURN_TYPE = YES_ERROR;
				GCC_WARN_UNDECLARED_SELECTOR = YES;
				GCC_WARN_UNINITIALIZED_AUTOS = YES_AGGRESSIVE;
				GCC_WARN_UNUSED_FUNCTION = YES;
				GCC_WARN_UNUSED_VARIABLE = YES;
				LOCALIZATION_PREFERS_STRING_CATALOGS = YES;
				MACOSX_DEPLOYMENT_TARGET = 14.4;
				MTL_ENABLE_DEBUG_INFO = NO;
				MTL_FAST_MATH = YES;
				PRODUCT_NAME = "$(TARGET_NAME)";
				SDKROOT = macosx;
			};
			name = Release;
		};
		DAD911BD2C29A08D005EBB6E /* Debug */ = {
			isa = XCBuildConfiguration;
			buildSettings = {
				ALWAYS_SEARCH_USER_PATHS = NO;
				ASSETCATALOG_COMPILER_GENERATE_SWIFT_ASSET_SYMBOL_EXTENSIONS = YES;
				CLANG_ANALYZER_NONNULL = YES;
				CLANG_ANALYZER_NUMBER_OBJECT_CONVERSION = YES_AGGRESSIVE;
				CLANG_CXX_LANGUAGE_STANDARD = "gnu++20";
				CLANG_ENABLE_MODULES = YES;
				CLANG_ENABLE_OBJC_ARC = YES;
				CLANG_ENABLE_OBJC_WEAK = YES;
				CLANG_WARN_BLOCK_CAPTURE_AUTORELEASING = YES;
				CLANG_WARN_BOOL_CONVERSION = YES;
				CLANG_WARN_COMMA = YES;
				CLANG_WARN_CONSTANT_CONVERSION = YES;
				CLANG_WARN_DEPRECATED_OBJC_IMPLEMENTATIONS = YES;
				CLANG_WARN_DIRECT_OBJC_ISA_USAGE = YES_ERROR;
				CLANG_WARN_DOCUMENTATION_COMMENTS = YES;
				CLANG_WARN_EMPTY_BODY = YES;
				CLANG_WARN_ENUM_CONVERSION = YES;
				CLANG_WARN_INFINITE_RECURSION = YES;
				CLANG_WARN_INT_CONVERSION = YES;
				CLANG_WARN_NON_LITERAL_NULL_CONVERSION = YES;
				CLANG_WARN_OBJC_IMPLICIT_RETAIN_SELF = YES;
				CLANG_WARN_OBJC_LITERAL_CONVERSION = YES;
				CLANG_WARN_OBJC_ROOT_CLASS = YES_ERROR;
				CLANG_WARN_QUOTED_INCLUDE_IN_FRAMEWORK_HEADER = YES;
				CLANG_WARN_RANGE_LOOP_ANALYSIS = YES;
				CLANG_WARN_STRICT_PROTOTYPES = YES;
				CLANG_WARN_SUSPICIOUS_MOVE = YES;
				CLANG_WARN_UNGUARDED_AVAILABILITY = YES_AGGRESSIVE;
				CLANG_WARN_UNREACHABLE_CODE = YES;
				CLANG_WARN__DUPLICATE_METHOD_MATCH = YES;
				CODE_SIGN_STYLE = Automatic;
				COMBINE_HIDPI_IMAGES = YES;
				COPY_PHASE_STRIP = NO;
				CURRENT_PROJECT_VERSION = 1;
				DEBUG_INFORMATION_FORMAT = dwarf;
				DEFINES_MODULE = YES;
				DYLIB_COMPATIBILITY_VERSION = 1;
				DYLIB_CURRENT_VERSION = 1;
				DYLIB_INSTALL_NAME_BASE = "@rpath";
				ENABLE_MODULE_VERIFIER = YES;
				ENABLE_STRICT_OBJC_MSGSEND = YES;
				ENABLE_TESTABILITY = YES;
				ENABLE_USER_SCRIPT_SANDBOXING = YES;
				GCC_DYNAMIC_NO_PIC = NO;
				GCC_NO_COMMON_BLOCKS = YES;
				GCC_OPTIMIZATION_LEVEL = 0;
				GCC_PREPROCESSOR_DEFINITIONS = (
					"DEBUG=1",
					"$(inherited)",
				);
				GCC_WARN_64_TO_32_BIT_CONVERSION = YES;
				GCC_WARN_ABOUT_RETURN_TYPE = YES_ERROR;
				GCC_WARN_UNDECLARED_SELECTOR = YES;
				GCC_WARN_UNINITIALIZED_AUTOS = YES_AGGRESSIVE;
				GCC_WARN_UNUSED_FUNCTION = YES;
				GCC_WARN_UNUSED_VARIABLE = YES;
				GENERATE_INFOPLIST_FILE = YES;
				HEADER_SEARCH_PATHS = "$(SRCROOT)/openssl-1.1.1k_macosx/include";
				INFOPLIST_KEY_NSHumanReadableCopyright = "";
				INSTALL_PATH = "$(LOCAL_LIBRARY_DIR)/Frameworks";
				LD_RUNPATH_SEARCH_PATHS = (
					"$(inherited)",
					"@executable_path/../Frameworks",
					"@loader_path/Frameworks",
				);
				LIBRARY_SEARCH_PATHS = "$(SRCROOT)/openssl-1.1.1k_macosx/lib";
				LOCALIZATION_PREFERS_STRING_CATALOGS = YES;
				MACOSX_DEPLOYMENT_TARGET = 14.4;
				MARKETING_VERSION = 1.0;
				MODULE_VERIFIER_SUPPORTED_LANGUAGES = "objective-c objective-c++";
				MODULE_VERIFIER_SUPPORTED_LANGUAGE_STANDARDS = "gnu17 gnu++20";
				MTL_ENABLE_DEBUG_INFO = INCLUDE_SOURCE;
				MTL_FAST_MATH = YES;
				ONLY_ACTIVE_ARCH = YES;
				OTHER_LDFLAGS = (
					"-lssl.1.1",
					"-lcrypto.1.1",
				);
				PRODUCT_BUNDLE_IDENTIFIER = com.danilkorotenko.SDMMobileDevice;
				PRODUCT_NAME = "$(TARGET_NAME:c99extidentifier)";
				SDKROOT = macosx;
				SKIP_INSTALL = YES;
				SWIFT_EMIT_LOC_STRINGS = YES;
				VERSIONING_SYSTEM = "apple-generic";
				VERSION_INFO_PREFIX = "";
			};
			name = Debug;
		};
		DAD911BE2C29A08D005EBB6E /* Release */ = {
			isa = XCBuildConfiguration;
			buildSettings = {
				ALWAYS_SEARCH_USER_PATHS = NO;
				ASSETCATALOG_COMPILER_GENERATE_SWIFT_ASSET_SYMBOL_EXTENSIONS = YES;
				CLANG_ANALYZER_NONNULL = YES;
				CLANG_ANALYZER_NUMBER_OBJECT_CONVERSION = YES_AGGRESSIVE;
				CLANG_CXX_LANGUAGE_STANDARD = "gnu++20";
				CLANG_ENABLE_MODULES = YES;
				CLANG_ENABLE_OBJC_ARC = YES;
				CLANG_ENABLE_OBJC_WEAK = YES;
				CLANG_WARN_BLOCK_CAPTURE_AUTORELEASING = YES;
				CLANG_WARN_BOOL_CONVERSION = YES;
				CLANG_WARN_COMMA = YES;
				CLANG_WARN_CONSTANT_CONVERSION = YES;
				CLANG_WARN_DEPRECATED_OBJC_IMPLEMENTATIONS = YES;
				CLANG_WARN_DIRECT_OBJC_ISA_USAGE = YES_ERROR;
				CLANG_WARN_DOCUMENTATION_COMMENTS = YES;
				CLANG_WARN_EMPTY_BODY = YES;
				CLANG_WARN_ENUM_CONVERSION = YES;
				CLANG_WARN_INFINITE_RECURSION = YES;
				CLANG_WARN_INT_CONVERSION = YES;
				CLANG_WARN_NON_LITERAL_NULL_CONVERSION = YES;
				CLANG_WARN_OBJC_IMPLICIT_RETAIN_SELF = YES;
				CLANG_WARN_OBJC_LITERAL_CONVERSION = YES;
				CLANG_WARN_OBJC_ROOT_CLASS = YES_ERROR;
				CLANG_WARN_QUOTED_INCLUDE_IN_FRAMEWORK_HEADER = YES;
				CLANG_WARN_RANGE_LOOP_ANALYSIS = YES;
				CLANG_WARN_STRICT_PROTOTYPES = YES;
				CLANG_WARN_SUSPICIOUS_MOVE = YES;
				CLANG_WARN_UNGUARDED_AVAILABILITY = YES_AGGRESSIVE;
				CLANG_WARN_UNREACHABLE_CODE = YES;
				CLANG_WARN__DUPLICATE_METHOD_MATCH = YES;
				CODE_SIGN_STYLE = Automatic;
				COMBINE_HIDPI_IMAGES = YES;
				COPY_PHASE_STRIP = NO;
				CURRENT_PROJECT_VERSION = 1;
				DEBUG_INFORMATION_FORMAT = "dwarf-with-dsym";
				DEFINES_MODULE = YES;
				DYLIB_COMPATIBILITY_VERSION = 1;
				DYLIB_CURRENT_VERSION = 1;
				DYLIB_INSTALL_NAME_BASE = "@rpath";
				ENABLE_MODULE_VERIFIER = YES;
				ENABLE_NS_ASSERTIONS = NO;
				ENABLE_STRICT_OBJC_MSGSEND = YES;
				ENABLE_USER_SCRIPT_SANDBOXING = YES;
				GCC_NO_COMMON_BLOCKS = YES;
				GCC_WARN_64_TO_32_BIT_CONVERSION = YES;
				GCC_WARN_ABOUT_RETURN_TYPE = YES_ERROR;
				GCC_WARN_UNDECLARED_SELECTOR = YES;
				GCC_WARN_UNINITIALIZED_AUTOS = YES_AGGRESSIVE;
				GCC_WARN_UNUSED_FUNCTION = YES;
				GCC_WARN_UNUSED_VARIABLE = YES;
				GENERATE_INFOPLIST_FILE = YES;
				HEADER_SEARCH_PATHS = "$(SRCROOT)/openssl-1.1.1k_macosx/include";
				INFOPLIST_KEY_NSHumanReadableCopyright = "";
				INSTALL_PATH = "$(LOCAL_LIBRARY_DIR)/Frameworks";
				LD_RUNPATH_SEARCH_PATHS = (
					"$(inherited)",
					"@executable_path/../Frameworks",
					"@loader_path/Frameworks",
				);
				LIBRARY_SEARCH_PATHS = "$(SRCROOT)/openssl-1.1.1k_macosx/lib";
				LOCALIZATION_PREFERS_STRING_CATALOGS = YES;
				MACOSX_DEPLOYMENT_TARGET = 14.4;
				MARKETING_VERSION = 1.0;
				MODULE_VERIFIER_SUPPORTED_LANGUAGES = "objective-c objective-c++";
				MODULE_VERIFIER_SUPPORTED_LANGUAGE_STANDARDS = "gnu17 gnu++20";
				MTL_ENABLE_DEBUG_INFO = NO;
				MTL_FAST_MATH = YES;
				OTHER_LDFLAGS = (
					"-lssl.1.1",
					"-lcrypto.1.1",
				);
				PRODUCT_BUNDLE_IDENTIFIER = com.danilkorotenko.SDMMobileDevice;
				PRODUCT_NAME = "$(TARGET_NAME:c99extidentifier)";
				SDKROOT = macosx;
				SKIP_INSTALL = YES;
				SWIFT_EMIT_LOC_STRINGS = YES;
				VERSIONING_SYSTEM = "apple-generic";
				VERSION_INFO_PREFIX = "";
			};
			name = Release;
		};
		DAE372942C2D840B0014B498 /* Debug */ = {
			isa = XCBuildConfiguration;
			buildSettings = {
				ALWAYS_SEARCH_USER_PATHS = NO;
				ASSETCATALOG_COMPILER_GENERATE_SWIFT_ASSET_SYMBOL_EXTENSIONS = YES;
				CLANG_ANALYZER_NONNULL = YES;
				CLANG_ANALYZER_NUMBER_OBJECT_CONVERSION = YES_AGGRESSIVE;
				CLANG_CXX_LANGUAGE_STANDARD = "gnu++20";
				CLANG_ENABLE_MODULES = YES;
				CLANG_ENABLE_OBJC_ARC = YES;
				CLANG_ENABLE_OBJC_WEAK = YES;
				CLANG_WARN_BLOCK_CAPTURE_AUTORELEASING = YES;
				CLANG_WARN_BOOL_CONVERSION = YES;
				CLANG_WARN_COMMA = YES;
				CLANG_WARN_CONSTANT_CONVERSION = YES;
				CLANG_WARN_DEPRECATED_OBJC_IMPLEMENTATIONS = YES;
				CLANG_WARN_DIRECT_OBJC_ISA_USAGE = YES_ERROR;
				CLANG_WARN_DOCUMENTATION_COMMENTS = YES;
				CLANG_WARN_EMPTY_BODY = YES;
				CLANG_WARN_ENUM_CONVERSION = YES;
				CLANG_WARN_INFINITE_RECURSION = YES;
				CLANG_WARN_INT_CONVERSION = YES;
				CLANG_WARN_NON_LITERAL_NULL_CONVERSION = YES;
				CLANG_WARN_OBJC_IMPLICIT_RETAIN_SELF = YES;
				CLANG_WARN_OBJC_LITERAL_CONVERSION = YES;
				CLANG_WARN_OBJC_ROOT_CLASS = YES_ERROR;
				CLANG_WARN_QUOTED_INCLUDE_IN_FRAMEWORK_HEADER = YES;
				CLANG_WARN_RANGE_LOOP_ANALYSIS = YES;
				CLANG_WARN_STRICT_PROTOTYPES = YES;
				CLANG_WARN_SUSPICIOUS_MOVE = YES;
				CLANG_WARN_UNGUARDED_AVAILABILITY = YES_AGGRESSIVE;
				CLANG_WARN_UNREACHABLE_CODE = YES;
				CLANG_WARN__DUPLICATE_METHOD_MATCH = YES;
				CODE_SIGN_STYLE = Automatic;
				COMBINE_HIDPI_IMAGES = YES;
				COPY_PHASE_STRIP = NO;
				CURRENT_PROJECT_VERSION = 1;
				DEBUG_INFORMATION_FORMAT = dwarf;
				DEFINES_MODULE = YES;
				DYLIB_COMPATIBILITY_VERSION = 1;
				DYLIB_CURRENT_VERSION = 1;
				DYLIB_INSTALL_NAME_BASE = "@rpath";
				ENABLE_MODULE_VERIFIER = YES;
				ENABLE_STRICT_OBJC_MSGSEND = YES;
				ENABLE_TESTABILITY = YES;
				ENABLE_USER_SCRIPT_SANDBOXING = YES;
				GCC_C_LANGUAGE_STANDARD = gnu17;
				GCC_DYNAMIC_NO_PIC = NO;
				GCC_NO_COMMON_BLOCKS = YES;
				GCC_OPTIMIZATION_LEVEL = 0;
				GCC_PREPROCESSOR_DEFINITIONS = (
					"DEBUG=1",
					"$(inherited)",
				);
				GCC_WARN_64_TO_32_BIT_CONVERSION = YES;
				GCC_WARN_ABOUT_RETURN_TYPE = YES_ERROR;
				GCC_WARN_UNDECLARED_SELECTOR = YES;
				GCC_WARN_UNINITIALIZED_AUTOS = YES_AGGRESSIVE;
				GCC_WARN_UNUSED_FUNCTION = YES;
				GCC_WARN_UNUSED_VARIABLE = YES;
				GENERATE_INFOPLIST_FILE = YES;
				INFOPLIST_KEY_NSHumanReadableCopyright = "";
				INSTALL_PATH = "$(LOCAL_LIBRARY_DIR)/Frameworks";
				LD_RUNPATH_SEARCH_PATHS = (
					"$(inherited)",
					"@executable_path/../Frameworks",
					"@loader_path/Frameworks",
				);
				LOCALIZATION_PREFERS_STRING_CATALOGS = YES;
				MACOSX_DEPLOYMENT_TARGET = 14.4;
				MARKETING_VERSION = 1.0;
				MODULE_VERIFIER_SUPPORTED_LANGUAGES = "objective-c objective-c++";
				MODULE_VERIFIER_SUPPORTED_LANGUAGE_STANDARDS = "gnu17 gnu++20";
				MTL_ENABLE_DEBUG_INFO = INCLUDE_SOURCE;
				MTL_FAST_MATH = YES;
				ONLY_ACTIVE_ARCH = YES;
				PRODUCT_BUNDLE_IDENTIFIER = com.danilkorotenko.Core;
				PRODUCT_NAME = "$(TARGET_NAME:c99extidentifier)";
				SDKROOT = macosx;
				SKIP_INSTALL = YES;
				SWIFT_EMIT_LOC_STRINGS = YES;
				VERSIONING_SYSTEM = "apple-generic";
				VERSION_INFO_PREFIX = "";
			};
			name = Debug;
		};
		DAE372952C2D840B0014B498 /* Release */ = {
			isa = XCBuildConfiguration;
			buildSettings = {
				ALWAYS_SEARCH_USER_PATHS = NO;
				ASSETCATALOG_COMPILER_GENERATE_SWIFT_ASSET_SYMBOL_EXTENSIONS = YES;
				CLANG_ANALYZER_NONNULL = YES;
				CLANG_ANALYZER_NUMBER_OBJECT_CONVERSION = YES_AGGRESSIVE;
				CLANG_CXX_LANGUAGE_STANDARD = "gnu++20";
				CLANG_ENABLE_MODULES = YES;
				CLANG_ENABLE_OBJC_ARC = YES;
				CLANG_ENABLE_OBJC_WEAK = YES;
				CLANG_WARN_BLOCK_CAPTURE_AUTORELEASING = YES;
				CLANG_WARN_BOOL_CONVERSION = YES;
				CLANG_WARN_COMMA = YES;
				CLANG_WARN_CONSTANT_CONVERSION = YES;
				CLANG_WARN_DEPRECATED_OBJC_IMPLEMENTATIONS = YES;
				CLANG_WARN_DIRECT_OBJC_ISA_USAGE = YES_ERROR;
				CLANG_WARN_DOCUMENTATION_COMMENTS = YES;
				CLANG_WARN_EMPTY_BODY = YES;
				CLANG_WARN_ENUM_CONVERSION = YES;
				CLANG_WARN_INFINITE_RECURSION = YES;
				CLANG_WARN_INT_CONVERSION = YES;
				CLANG_WARN_NON_LITERAL_NULL_CONVERSION = YES;
				CLANG_WARN_OBJC_IMPLICIT_RETAIN_SELF = YES;
				CLANG_WARN_OBJC_LITERAL_CONVERSION = YES;
				CLANG_WARN_OBJC_ROOT_CLASS = YES_ERROR;
				CLANG_WARN_QUOTED_INCLUDE_IN_FRAMEWORK_HEADER = YES;
				CLANG_WARN_RANGE_LOOP_ANALYSIS = YES;
				CLANG_WARN_STRICT_PROTOTYPES = YES;
				CLANG_WARN_SUSPICIOUS_MOVE = YES;
				CLANG_WARN_UNGUARDED_AVAILABILITY = YES_AGGRESSIVE;
				CLANG_WARN_UNREACHABLE_CODE = YES;
				CLANG_WARN__DUPLICATE_METHOD_MATCH = YES;
				CODE_SIGN_STYLE = Automatic;
				COMBINE_HIDPI_IMAGES = YES;
				COPY_PHASE_STRIP = NO;
				CURRENT_PROJECT_VERSION = 1;
				DEBUG_INFORMATION_FORMAT = "dwarf-with-dsym";
				DEFINES_MODULE = YES;
				DYLIB_COMPATIBILITY_VERSION = 1;
				DYLIB_CURRENT_VERSION = 1;
				DYLIB_INSTALL_NAME_BASE = "@rpath";
				ENABLE_MODULE_VERIFIER = YES;
				ENABLE_NS_ASSERTIONS = NO;
				ENABLE_STRICT_OBJC_MSGSEND = YES;
				ENABLE_USER_SCRIPT_SANDBOXING = YES;
				GCC_C_LANGUAGE_STANDARD = gnu17;
				GCC_NO_COMMON_BLOCKS = YES;
				GCC_WARN_64_TO_32_BIT_CONVERSION = YES;
				GCC_WARN_ABOUT_RETURN_TYPE = YES_ERROR;
				GCC_WARN_UNDECLARED_SELECTOR = YES;
				GCC_WARN_UNINITIALIZED_AUTOS = YES_AGGRESSIVE;
				GCC_WARN_UNUSED_FUNCTION = YES;
				GCC_WARN_UNUSED_VARIABLE = YES;
				GENERATE_INFOPLIST_FILE = YES;
				INFOPLIST_KEY_NSHumanReadableCopyright = "";
				INSTALL_PATH = "$(LOCAL_LIBRARY_DIR)/Frameworks";
				LD_RUNPATH_SEARCH_PATHS = (
					"$(inherited)",
					"@executable_path/../Frameworks",
					"@loader_path/Frameworks",
				);
				LOCALIZATION_PREFERS_STRING_CATALOGS = YES;
				MACOSX_DEPLOYMENT_TARGET = 14.4;
				MARKETING_VERSION = 1.0;
				MODULE_VERIFIER_SUPPORTED_LANGUAGES = "objective-c objective-c++";
				MODULE_VERIFIER_SUPPORTED_LANGUAGE_STANDARDS = "gnu17 gnu++20";
				MTL_ENABLE_DEBUG_INFO = NO;
				MTL_FAST_MATH = YES;
				PRODUCT_BUNDLE_IDENTIFIER = com.danilkorotenko.Core;
				PRODUCT_NAME = "$(TARGET_NAME:c99extidentifier)";
				SDKROOT = macosx;
				SKIP_INSTALL = YES;
				SWIFT_EMIT_LOC_STRINGS = YES;
				VERSIONING_SYSTEM = "apple-generic";
				VERSION_INFO_PREFIX = "";
			};
			name = Release;
		};
		DAE372A02C2D84730014B498 /* Debug */ = {
			isa = XCBuildConfiguration;
			buildSettings = {
				ALWAYS_SEARCH_USER_PATHS = NO;
				ASSETCATALOG_COMPILER_GENERATE_SWIFT_ASSET_SYMBOL_EXTENSIONS = YES;
				CLANG_ANALYZER_NONNULL = YES;
				CLANG_ANALYZER_NUMBER_OBJECT_CONVERSION = YES_AGGRESSIVE;
				CLANG_CXX_LANGUAGE_STANDARD = "gnu++20";
				CLANG_ENABLE_MODULES = YES;
				CLANG_ENABLE_OBJC_ARC = YES;
				CLANG_ENABLE_OBJC_WEAK = YES;
				CLANG_WARN_BLOCK_CAPTURE_AUTORELEASING = YES;
				CLANG_WARN_BOOL_CONVERSION = YES;
				CLANG_WARN_COMMA = YES;
				CLANG_WARN_CONSTANT_CONVERSION = YES;
				CLANG_WARN_DEPRECATED_OBJC_IMPLEMENTATIONS = YES;
				CLANG_WARN_DIRECT_OBJC_ISA_USAGE = YES_ERROR;
				CLANG_WARN_DOCUMENTATION_COMMENTS = YES;
				CLANG_WARN_EMPTY_BODY = YES;
				CLANG_WARN_ENUM_CONVERSION = YES;
				CLANG_WARN_INFINITE_RECURSION = YES;
				CLANG_WARN_INT_CONVERSION = YES;
				CLANG_WARN_NON_LITERAL_NULL_CONVERSION = YES;
				CLANG_WARN_OBJC_IMPLICIT_RETAIN_SELF = YES;
				CLANG_WARN_OBJC_LITERAL_CONVERSION = YES;
				CLANG_WARN_OBJC_ROOT_CLASS = YES_ERROR;
				CLANG_WARN_QUOTED_INCLUDE_IN_FRAMEWORK_HEADER = YES;
				CLANG_WARN_RANGE_LOOP_ANALYSIS = YES;
				CLANG_WARN_STRICT_PROTOTYPES = YES;
				CLANG_WARN_SUSPICIOUS_MOVE = YES;
				CLANG_WARN_UNGUARDED_AVAILABILITY = YES_AGGRESSIVE;
				CLANG_WARN_UNREACHABLE_CODE = YES;
				CLANG_WARN__DUPLICATE_METHOD_MATCH = YES;
				CODE_SIGN_STYLE = Automatic;
				COPY_PHASE_STRIP = NO;
				DEBUG_INFORMATION_FORMAT = dwarf;
				ENABLE_STRICT_OBJC_MSGSEND = YES;
				ENABLE_TESTABILITY = YES;
				ENABLE_USER_SCRIPT_SANDBOXING = YES;
				GCC_C_LANGUAGE_STANDARD = gnu17;
				GCC_DYNAMIC_NO_PIC = NO;
				GCC_NO_COMMON_BLOCKS = YES;
				GCC_OPTIMIZATION_LEVEL = 0;
				GCC_PREPROCESSOR_DEFINITIONS = (
					"DEBUG=1",
					"$(inherited)",
				);
				GCC_WARN_64_TO_32_BIT_CONVERSION = YES;
				GCC_WARN_ABOUT_RETURN_TYPE = YES_ERROR;
				GCC_WARN_UNDECLARED_SELECTOR = YES;
				GCC_WARN_UNINITIALIZED_AUTOS = YES_AGGRESSIVE;
				GCC_WARN_UNUSED_FUNCTION = YES;
				GCC_WARN_UNUSED_VARIABLE = YES;
				LOCALIZATION_PREFERS_STRING_CATALOGS = YES;
				MACOSX_DEPLOYMENT_TARGET = 14.4;
				MTL_ENABLE_DEBUG_INFO = INCLUDE_SOURCE;
				MTL_FAST_MATH = YES;
				ONLY_ACTIVE_ARCH = YES;
				PRODUCT_NAME = "$(TARGET_NAME)";
				SDKROOT = macosx;
			};
			name = Debug;
		};
		DAE372A12C2D84730014B498 /* Release */ = {
			isa = XCBuildConfiguration;
			buildSettings = {
				ALWAYS_SEARCH_USER_PATHS = NO;
				ASSETCATALOG_COMPILER_GENERATE_SWIFT_ASSET_SYMBOL_EXTENSIONS = YES;
				CLANG_ANALYZER_NONNULL = YES;
				CLANG_ANALYZER_NUMBER_OBJECT_CONVERSION = YES_AGGRESSIVE;
				CLANG_CXX_LANGUAGE_STANDARD = "gnu++20";
				CLANG_ENABLE_MODULES = YES;
				CLANG_ENABLE_OBJC_ARC = YES;
				CLANG_ENABLE_OBJC_WEAK = YES;
				CLANG_WARN_BLOCK_CAPTURE_AUTORELEASING = YES;
				CLANG_WARN_BOOL_CONVERSION = YES;
				CLANG_WARN_COMMA = YES;
				CLANG_WARN_CONSTANT_CONVERSION = YES;
				CLANG_WARN_DEPRECATED_OBJC_IMPLEMENTATIONS = YES;
				CLANG_WARN_DIRECT_OBJC_ISA_USAGE = YES_ERROR;
				CLANG_WARN_DOCUMENTATION_COMMENTS = YES;
				CLANG_WARN_EMPTY_BODY = YES;
				CLANG_WARN_ENUM_CONVERSION = YES;
				CLANG_WARN_INFINITE_RECURSION = YES;
				CLANG_WARN_INT_CONVERSION = YES;
				CLANG_WARN_NON_LITERAL_NULL_CONVERSION = YES;
				CLANG_WARN_OBJC_IMPLICIT_RETAIN_SELF = YES;
				CLANG_WARN_OBJC_LITERAL_CONVERSION = YES;
				CLANG_WARN_OBJC_ROOT_CLASS = YES_ERROR;
				CLANG_WARN_QUOTED_INCLUDE_IN_FRAMEWORK_HEADER = YES;
				CLANG_WARN_RANGE_LOOP_ANALYSIS = YES;
				CLANG_WARN_STRICT_PROTOTYPES = YES;
				CLANG_WARN_SUSPICIOUS_MOVE = YES;
				CLANG_WARN_UNGUARDED_AVAILABILITY = YES_AGGRESSIVE;
				CLANG_WARN_UNREACHABLE_CODE = YES;
				CLANG_WARN__DUPLICATE_METHOD_MATCH = YES;
				CODE_SIGN_STYLE = Automatic;
				COPY_PHASE_STRIP = NO;
				DEBUG_INFORMATION_FORMAT = "dwarf-with-dsym";
				ENABLE_NS_ASSERTIONS = NO;
				ENABLE_STRICT_OBJC_MSGSEND = YES;
				ENABLE_USER_SCRIPT_SANDBOXING = YES;
				GCC_C_LANGUAGE_STANDARD = gnu17;
				GCC_NO_COMMON_BLOCKS = YES;
				GCC_WARN_64_TO_32_BIT_CONVERSION = YES;
				GCC_WARN_ABOUT_RETURN_TYPE = YES_ERROR;
				GCC_WARN_UNDECLARED_SELECTOR = YES;
				GCC_WARN_UNINITIALIZED_AUTOS = YES_AGGRESSIVE;
				GCC_WARN_UNUSED_FUNCTION = YES;
				GCC_WARN_UNUSED_VARIABLE = YES;
				LOCALIZATION_PREFERS_STRING_CATALOGS = YES;
				MACOSX_DEPLOYMENT_TARGET = 14.4;
				MTL_ENABLE_DEBUG_INFO = NO;
				MTL_FAST_MATH = YES;
				PRODUCT_NAME = "$(TARGET_NAME)";
				SDKROOT = macosx;
			};
			name = Release;
		};
/* End XCBuildConfiguration section */

/* Begin XCConfigurationList section */
		DAD907022C297F05005EBB6E /* Build configuration list for PBXProject "SDMMobileDevice" */ = {
			isa = XCConfigurationList;
			buildConfigurations = (
				DAD907032C297F05005EBB6E /* Debug */,
				DAD907042C297F05005EBB6E /* Release */,
			);
			defaultConfigurationIsVisible = 0;
			defaultConfigurationName = Release;
		};
		DAD9118D2C299F5B005EBB6E /* Build configuration list for PBXNativeTarget "SDM_MD_Tests" */ = {
			isa = XCConfigurationList;
			buildConfigurations = (
				DAD9118B2C299F5B005EBB6E /* Debug */,
				DAD9118C2C299F5B005EBB6E /* Release */,
			);
			defaultConfigurationIsVisible = 0;
			defaultConfigurationName = Release;
		};
		DAD911BF2C29A08D005EBB6E /* Build configuration list for PBXNativeTarget "SDMMobileDevice" */ = {
			isa = XCConfigurationList;
			buildConfigurations = (
				DAD911BD2C29A08D005EBB6E /* Debug */,
				DAD911BE2C29A08D005EBB6E /* Release */,
			);
			defaultConfigurationIsVisible = 0;
			defaultConfigurationName = Release;
		};
		DAE372932C2D840B0014B498 /* Build configuration list for PBXNativeTarget "Core" */ = {
			isa = XCConfigurationList;
			buildConfigurations = (
				DAE372942C2D840B0014B498 /* Debug */,
				DAE372952C2D840B0014B498 /* Release */,
			);
			defaultConfigurationIsVisible = 0;
			defaultConfigurationName = Release;
		};
		DAE3729F2C2D84730014B498 /* Build configuration list for PBXNativeTarget "HelloSDMMobileDevice" */ = {
			isa = XCConfigurationList;
			buildConfigurations = (
				DAE372A02C2D84730014B498 /* Debug */,
				DAE372A12C2D84730014B498 /* Release */,
			);
			defaultConfigurationIsVisible = 0;
			defaultConfigurationName = Release;
		};
/* End XCConfigurationList section */
	};
	rootObject = DAD906FF2C297F05005EBB6E /* Project object */;
}
